// !$*UTF8*$!
{
	archiveVersion = 1;
	classes = {
	};
	objectVersion = 56;
	objects = {

/* Begin PBXBuildFile section */
		C006C6982B19D674004D14AF /* PostCreateEntity.swift in Sources */ = {isa = PBXBuildFile; fileRef = C006C6972B19D674004D14AF /* PostCreateEntity.swift */; };
		C006C69B2B19D6BF004D14AF /* PostCreateRequest.swift in Sources */ = {isa = PBXBuildFile; fileRef = C006C69A2B19D6BF004D14AF /* PostCreateRequest.swift */; };
		C006C69D2B19D94E004D14AF /* PostAPI.swift in Sources */ = {isa = PBXBuildFile; fileRef = C006C69C2B19D94E004D14AF /* PostAPI.swift */; };
		C006C69F2B1A1B7D004D14AF /* Date+Extension.swift in Sources */ = {isa = PBXBuildFile; fileRef = C006C69E2B1A1B7D004D14AF /* Date+Extension.swift */; };
		C006C6A12B1ACCAC004D14AF /* PhpickerImage.swift in Sources */ = {isa = PBXBuildFile; fileRef = C006C6A02B1ACCAC004D14AF /* PhpickerImage.swift */; };
		C01A42B02B02888400317956 /* Network.swift in Sources */ = {isa = PBXBuildFile; fileRef = C01A42AF2B02888400317956 /* Network.swift */; };
		C01A42B22B02893100317956 /* AuthAPI.swift in Sources */ = {isa = PBXBuildFile; fileRef = C01A42B12B02893100317956 /* AuthAPI.swift */; };
		C01A42B62B028E2200317956 /* AuthRepository.swift in Sources */ = {isa = PBXBuildFile; fileRef = C01A42B52B028E2200317956 /* AuthRepository.swift */; };
		C02028992B15C9CF008FB1EA /* HomeView.swift in Sources */ = {isa = PBXBuildFile; fileRef = C02028982B15C9CF008FB1EA /* HomeView.swift */; };
		C020289B2B15C9EA008FB1EA /* HomeVC.swift in Sources */ = {isa = PBXBuildFile; fileRef = C020289A2B15C9EA008FB1EA /* HomeVC.swift */; };
		C020289D2B15C9F2008FB1EA /* HomeViewModel.swift in Sources */ = {isa = PBXBuildFile; fileRef = C020289C2B15C9F2008FB1EA /* HomeViewModel.swift */; };
		C020289F2B15CA5A008FB1EA /* TabBarVC.swift in Sources */ = {isa = PBXBuildFile; fileRef = C020289E2B15CA5A008FB1EA /* TabBarVC.swift */; };
		C02028A22B15D32A008FB1EA /* ProfileVC.swift in Sources */ = {isa = PBXBuildFile; fileRef = C02028A12B15D32A008FB1EA /* ProfileVC.swift */; };
		C02028A42B15D33A008FB1EA /* ProfileView.swift in Sources */ = {isa = PBXBuildFile; fileRef = C02028A32B15D33A008FB1EA /* ProfileView.swift */; };
		C02028A62B15D342008FB1EA /* ProfileViewModel.swift in Sources */ = {isa = PBXBuildFile; fileRef = C02028A52B15D342008FB1EA /* ProfileViewModel.swift */; };
		C02028A82B15DB71008FB1EA /* NavTitleLabel.swift in Sources */ = {isa = PBXBuildFile; fileRef = C02028A72B15DB71008FB1EA /* NavTitleLabel.swift */; };
		C02028AA2B15DD72008FB1EA /* UIImage+Extension.swift in Sources */ = {isa = PBXBuildFile; fileRef = C02028A92B15DD72008FB1EA /* UIImage+Extension.swift */; };
		C02028AC2B15DF51008FB1EA /* HomeTableCell.swift in Sources */ = {isa = PBXBuildFile; fileRef = C02028AB2B15DF51008FB1EA /* HomeTableCell.swift */; };
		C02028AE2B15E4FA008FB1EA /* ReusableViewProtocol.swift in Sources */ = {isa = PBXBuildFile; fileRef = C02028AD2B15E4FA008FB1EA /* ReusableViewProtocol.swift */; };
		C02028D02B17843C008FB1EA /* PostInputVC.swift in Sources */ = {isa = PBXBuildFile; fileRef = C02028CF2B17843C008FB1EA /* PostInputVC.swift */; };
		C02028D22B17845A008FB1EA /* PostInputView.swift in Sources */ = {isa = PBXBuildFile; fileRef = C02028D12B17845A008FB1EA /* PostInputView.swift */; };
		C02028D42B178475008FB1EA /* PostInputViewModel.swift in Sources */ = {isa = PBXBuildFile; fileRef = C02028D32B178475008FB1EA /* PostInputViewModel.swift */; };
		C02C06C12B07469B00E9AB93 /* BaseViewController.swift in Sources */ = {isa = PBXBuildFile; fileRef = C02C06BC2B07469B00E9AB93 /* BaseViewController.swift */; };
		C02C06C22B07469B00E9AB93 /* BaseViewModel.swift in Sources */ = {isa = PBXBuildFile; fileRef = C02C06BD2B07469B00E9AB93 /* BaseViewModel.swift */; };
		C02C06C32B07469B00E9AB93 /* BaseCellProtocol.swift in Sources */ = {isa = PBXBuildFile; fileRef = C02C06BE2B07469B00E9AB93 /* BaseCellProtocol.swift */; };
		C02C06C42B07469B00E9AB93 /* BaseView.swift in Sources */ = {isa = PBXBuildFile; fileRef = C02C06BF2B07469B00E9AB93 /* BaseView.swift */; };
		C02C06C52B07469B00E9AB93 /* BaseCollectionViewCell.swift in Sources */ = {isa = PBXBuildFile; fileRef = C02C06C02B07469B00E9AB93 /* BaseCollectionViewCell.swift */; };
		C02C06C72B0746AC00E9AB93 /* BaseTableViewCell.swift in Sources */ = {isa = PBXBuildFile; fileRef = C02C06C62B0746AC00E9AB93 /* BaseTableViewCell.swift */; };
		C02C06CD2B07475F00E9AB93 /* LoginView.swift in Sources */ = {isa = PBXBuildFile; fileRef = C02C06CC2B07475F00E9AB93 /* LoginView.swift */; };
		C02C06CF2B07476700E9AB93 /* LoginViewModel.swift in Sources */ = {isa = PBXBuildFile; fileRef = C02C06CE2B07476700E9AB93 /* LoginViewModel.swift */; };
		C02C06D22B074CCB00E9AB93 /* ViewModelType.swift in Sources */ = {isa = PBXBuildFile; fileRef = C02C06D12B074CCB00E9AB93 /* ViewModelType.swift */; };
		C02C06D52B074F2C00E9AB93 /* BasicTextField.swift in Sources */ = {isa = PBXBuildFile; fileRef = C02C06D32B074F2C00E9AB93 /* BasicTextField.swift */; };
		C02C06D62B074F2C00E9AB93 /* BasicButton.swift in Sources */ = {isa = PBXBuildFile; fileRef = C02C06D42B074F2C00E9AB93 /* BasicButton.swift */; };
		C02C06D92B0751A800E9AB93 /* Then in Frameworks */ = {isa = PBXBuildFile; productRef = C02C06D82B0751A800E9AB93 /* Then */; };
		C0685C082B112B7B0098BB49 /* UserDefaultData.swift in Sources */ = {isa = PBXBuildFile; fileRef = C0685C072B112B7B0098BB49 /* UserDefaultData.swift */; };
		C0729D5B2B10806D00CEA6F0 /* SpoqaHanSansNeo-Thin.otf in Resources */ = {isa = PBXBuildFile; fileRef = C0729D562B10806D00CEA6F0 /* SpoqaHanSansNeo-Thin.otf */; };
		C0729D5C2B10806D00CEA6F0 /* SpoqaHanSansNeo-Light.otf in Resources */ = {isa = PBXBuildFile; fileRef = C0729D572B10806D00CEA6F0 /* SpoqaHanSansNeo-Light.otf */; };
		C0729D5D2B10806D00CEA6F0 /* SpoqaHanSansNeo-Bold.otf in Resources */ = {isa = PBXBuildFile; fileRef = C0729D582B10806D00CEA6F0 /* SpoqaHanSansNeo-Bold.otf */; };
		C0729D5E2B10806D00CEA6F0 /* SpoqaHanSansNeo-Medium.otf in Resources */ = {isa = PBXBuildFile; fileRef = C0729D592B10806D00CEA6F0 /* SpoqaHanSansNeo-Medium.otf */; };
		C0729D5F2B10806D00CEA6F0 /* SpoqaHanSansNeo-Regular.otf in Resources */ = {isa = PBXBuildFile; fileRef = C0729D5A2B10806D00CEA6F0 /* SpoqaHanSansNeo-Regular.otf */; };
		C0729D622B1080E100CEA6F0 /* SpoqaHanSansNeoFonts.swift in Sources */ = {isa = PBXBuildFile; fileRef = C0729D612B1080E100CEA6F0 /* SpoqaHanSansNeoFonts.swift */; };
		C0729D642B10811400CEA6F0 /* BasicLabel.swift in Sources */ = {isa = PBXBuildFile; fileRef = C0729D632B10811400CEA6F0 /* BasicLabel.swift */; };
		C0729D692B10892500CEA6F0 /* SignupVC.swift in Sources */ = {isa = PBXBuildFile; fileRef = C0729D682B10892500CEA6F0 /* SignupVC.swift */; };
		C0729D6B2B10892D00CEA6F0 /* SignupView.swift in Sources */ = {isa = PBXBuildFile; fileRef = C0729D6A2B10892D00CEA6F0 /* SignupView.swift */; };
		C0729D6D2B10893400CEA6F0 /* SignupViewModel.swift in Sources */ = {isa = PBXBuildFile; fileRef = C0729D6C2B10893400CEA6F0 /* SignupViewModel.swift */; };
		C0729D6F2B10942900CEA6F0 /* UITextField+Extension.swift in Sources */ = {isa = PBXBuildFile; fileRef = C0729D6E2B10942900CEA6F0 /* UITextField+Extension.swift */; };
		C0729D712B10960E00CEA6F0 /* UnderLineTextField.swift in Sources */ = {isa = PBXBuildFile; fileRef = C0729D702B10960E00CEA6F0 /* UnderLineTextField.swift */; };
		C07FA79E2B01E43C000B93F3 /* AppDelegate.swift in Sources */ = {isa = PBXBuildFile; fileRef = C07FA79D2B01E43C000B93F3 /* AppDelegate.swift */; };
		C07FA7A02B01E43C000B93F3 /* SceneDelegate.swift in Sources */ = {isa = PBXBuildFile; fileRef = C07FA79F2B01E43C000B93F3 /* SceneDelegate.swift */; };
		C07FA7A72B01E43D000B93F3 /* Assets.xcassets in Resources */ = {isa = PBXBuildFile; fileRef = C07FA7A62B01E43D000B93F3 /* Assets.xcassets */; };
		C07FA7AA2B01E43D000B93F3 /* LaunchScreen.storyboard in Resources */ = {isa = PBXBuildFile; fileRef = C07FA7A82B01E43D000B93F3 /* LaunchScreen.storyboard */; };
		C07FA7B32B01E525000B93F3 /* LoginVC.swift in Sources */ = {isa = PBXBuildFile; fileRef = C07FA7B22B01E525000B93F3 /* LoginVC.swift */; };
		C07FA7BA2B01E642000B93F3 /* RxCocoa in Frameworks */ = {isa = PBXBuildFile; productRef = C07FA7B92B01E642000B93F3 /* RxCocoa */; };
		C07FA7BC2B01E642000B93F3 /* RxSwift in Frameworks */ = {isa = PBXBuildFile; productRef = C07FA7BB2B01E642000B93F3 /* RxSwift */; };
		C07FA7BF2B01E6FB000B93F3 /* Alamofire in Frameworks */ = {isa = PBXBuildFile; productRef = C07FA7BE2B01E6FB000B93F3 /* Alamofire */; };
		C07FA7C22B01E78E000B93F3 /* RxAlamofire in Frameworks */ = {isa = PBXBuildFile; productRef = C07FA7C12B01E78E000B93F3 /* RxAlamofire */; };
		C07FA7C52B01E7D2000B93F3 /* SnapKit in Frameworks */ = {isa = PBXBuildFile; productRef = C07FA7C42B01E7D2000B93F3 /* SnapKit */; };
		C07FA7C82B01E851000B93F3 /* Constant.swift in Sources */ = {isa = PBXBuildFile; fileRef = C07FA7C72B01E851000B93F3 /* Constant.swift */; };
		C07FA7CA2B01E8C0000B93F3 /* .gitignore in Resources */ = {isa = PBXBuildFile; fileRef = C07FA7C92B01E8C0000B93F3 /* .gitignore */; };
		C07FA7CC2B01E929000B93F3 /* APIManagement.swift in Sources */ = {isa = PBXBuildFile; fileRef = C07FA7CB2B01E929000B93F3 /* APIManagement.swift */; };
		C07FA7CF2B01E98C000B93F3 /* Toast in Frameworks */ = {isa = PBXBuildFile; productRef = C07FA7CE2B01E98C000B93F3 /* Toast */; };
		C07FA7D72B01FB51000B93F3 /* Router.swift in Sources */ = {isa = PBXBuildFile; fileRef = C07FA7D62B01FB51000B93F3 /* Router.swift */; };
		C07FA7D92B01FBB6000B93F3 /* Encodable+Extension.swift in Sources */ = {isa = PBXBuildFile; fileRef = C07FA7D82B01FBB6000B93F3 /* Encodable+Extension.swift */; };
		C082C9FD2B17979C004C53B3 /* PostInputImageCell.swift in Sources */ = {isa = PBXBuildFile; fileRef = C082C9FC2B17979C004C53B3 /* PostInputImageCell.swift */; };
		C082CA262B18AF3B004C53B3 /* BasicTextView.swift in Sources */ = {isa = PBXBuildFile; fileRef = C082CA252B18AF3B004C53B3 /* BasicTextView.swift */; };
		C0B07F222B10DB5D00350ECC /* ValidateManager.swift in Sources */ = {isa = PBXBuildFile; fileRef = C0B07F212B10DB5D00350ECC /* ValidateManager.swift */; };
		C0B07F242B10DC0900350ECC /* UIViewController+Extension.swift in Sources */ = {isa = PBXBuildFile; fileRef = C0B07F232B10DC0900350ECC /* UIViewController+Extension.swift */; };
		C0B07F272B10DD3000350ECC /* IQKeyboardManagerSwift in Frameworks */ = {isa = PBXBuildFile; productRef = C0B07F262B10DD3000350ECC /* IQKeyboardManagerSwift */; };
		C0B07F292B1108B200350ECC /* LoadingIndicator.swift in Sources */ = {isa = PBXBuildFile; fileRef = C0B07F282B1108B200350ECC /* LoadingIndicator.swift */; };
		C0B07F2B2B110C8100350ECC /* DuplicateEmailRequest.swift in Sources */ = {isa = PBXBuildFile; fileRef = C0B07F2A2B110C8100350ECC /* DuplicateEmailRequest.swift */; };
		C0B07F2F2B111D9900350ECC /* NetworkError.swift in Sources */ = {isa = PBXBuildFile; fileRef = C0B07F2E2B111D9900350ECC /* NetworkError.swift */; };
		C0DAE9212B038E5D0067279A /* CommonMessageResponse.swift in Sources */ = {isa = PBXBuildFile; fileRef = C0DAE9202B038E5D0067279A /* CommonMessageResponse.swift */; };
		C0DAE9342B0503F40067279A /* TokenAPI.swift in Sources */ = {isa = PBXBuildFile; fileRef = C0DAE9332B0503F40067279A /* TokenAPI.swift */; };
		C0DAE9382B0512E70067279A /* TokenRepository.swift in Sources */ = {isa = PBXBuildFile; fileRef = C0DAE9372B0512E70067279A /* TokenRepository.swift */; };
		C0DAE9412B0534D20067279A /* TokenEntity.swift in Sources */ = {isa = PBXBuildFile; fileRef = C0DAE9402B0534D20067279A /* TokenEntity.swift */; };
		C0DAE9432B0534E40067279A /* TokenRequest.swift in Sources */ = {isa = PBXBuildFile; fileRef = C0DAE9422B0534E40067279A /* TokenRequest.swift */; };
		C0DAE9452B0534F20067279A /* TokenResponse.swift in Sources */ = {isa = PBXBuildFile; fileRef = C0DAE9442B0534F20067279A /* TokenResponse.swift */; };
		C0DAE9472B059AC40067279A /* JoinRequest.swift in Sources */ = {isa = PBXBuildFile; fileRef = C0DAE9462B059AC40067279A /* JoinRequest.swift */; };
		C0DAE94B2B059B4A0067279A /* JoinResponse.swift in Sources */ = {isa = PBXBuildFile; fileRef = C0DAE94A2B059B4A0067279A /* JoinResponse.swift */; };
		C0DAE94D2B059B880067279A /* JoinEntity.swift in Sources */ = {isa = PBXBuildFile; fileRef = C0DAE94C2B059B880067279A /* JoinEntity.swift */; };
		C0DAE9502B059C200067279A /* CreatEntityProtocol.swift in Sources */ = {isa = PBXBuildFile; fileRef = C0DAE94F2B059C200067279A /* CreatEntityProtocol.swift */; };
		C0DAE9852B05FC8F0067279A /* LoginEntity.swift in Sources */ = {isa = PBXBuildFile; fileRef = C0DAE9842B05FC8F0067279A /* LoginEntity.swift */; };
		C0DAE9872B05FC9C0067279A /* LoginResponse.swift in Sources */ = {isa = PBXBuildFile; fileRef = C0DAE9862B05FC9C0067279A /* LoginResponse.swift */; };
		C0DAE9892B05FD5C0067279A /* LoginRequest.swift in Sources */ = {isa = PBXBuildFile; fileRef = C0DAE9882B05FD5C0067279A /* LoginRequest.swift */; };
		C0F5AAE72B1AD99200B3D102 /* RxGesture in Frameworks */ = {isa = PBXBuildFile; productRef = C0F5AAE62B1AD99200B3D102 /* RxGesture */; };
		C0F5AAE92B1B08D300B3D102 /* PostRespository.swift in Sources */ = {isa = PBXBuildFile; fileRef = C0F5AAE82B1B08D300B3D102 /* PostRespository.swift */; };
		C0F5AAEB2B1B169C00B3D102 /* PostCreateResponse.swift in Sources */ = {isa = PBXBuildFile; fileRef = C0F5AAEA2B1B169C00B3D102 /* PostCreateResponse.swift */; };
		C0F5AAEE2B1B16D700B3D102 /* CreatorEntity.swift in Sources */ = {isa = PBXBuildFile; fileRef = C0F5AAED2B1B16D700B3D102 /* CreatorEntity.swift */; };
		C0F5AAF12B1B16FC00B3D102 /* CreatorResponse.swift in Sources */ = {isa = PBXBuildFile; fileRef = C0F5AAF02B1B16FC00B3D102 /* CreatorResponse.swift */; };
/* End PBXBuildFile section */

/* Begin PBXFileReference section */
		C006C6972B19D674004D14AF /* PostCreateEntity.swift */ = {isa = PBXFileReference; lastKnownFileType = sourcecode.swift; path = PostCreateEntity.swift; sourceTree = "<group>"; };
		C006C69A2B19D6BF004D14AF /* PostCreateRequest.swift */ = {isa = PBXFileReference; lastKnownFileType = sourcecode.swift; path = PostCreateRequest.swift; sourceTree = "<group>"; };
		C006C69C2B19D94E004D14AF /* PostAPI.swift */ = {isa = PBXFileReference; lastKnownFileType = sourcecode.swift; path = PostAPI.swift; sourceTree = "<group>"; };
		C006C69E2B1A1B7D004D14AF /* Date+Extension.swift */ = {isa = PBXFileReference; lastKnownFileType = sourcecode.swift; path = "Date+Extension.swift"; sourceTree = "<group>"; };
		C006C6A02B1ACCAC004D14AF /* PhpickerImage.swift */ = {isa = PBXFileReference; lastKnownFileType = sourcecode.swift; path = PhpickerImage.swift; sourceTree = "<group>"; };
		C01A42AF2B02888400317956 /* Network.swift */ = {isa = PBXFileReference; lastKnownFileType = sourcecode.swift; path = Network.swift; sourceTree = "<group>"; };
		C01A42B12B02893100317956 /* AuthAPI.swift */ = {isa = PBXFileReference; lastKnownFileType = sourcecode.swift; path = AuthAPI.swift; sourceTree = "<group>"; };
		C01A42B52B028E2200317956 /* AuthRepository.swift */ = {isa = PBXFileReference; lastKnownFileType = sourcecode.swift; path = AuthRepository.swift; sourceTree = "<group>"; };
		C02028982B15C9CF008FB1EA /* HomeView.swift */ = {isa = PBXFileReference; lastKnownFileType = sourcecode.swift; path = HomeView.swift; sourceTree = "<group>"; };
		C020289A2B15C9EA008FB1EA /* HomeVC.swift */ = {isa = PBXFileReference; lastKnownFileType = sourcecode.swift; path = HomeVC.swift; sourceTree = "<group>"; };
		C020289C2B15C9F2008FB1EA /* HomeViewModel.swift */ = {isa = PBXFileReference; lastKnownFileType = sourcecode.swift; path = HomeViewModel.swift; sourceTree = "<group>"; };
		C020289E2B15CA5A008FB1EA /* TabBarVC.swift */ = {isa = PBXFileReference; lastKnownFileType = sourcecode.swift; path = TabBarVC.swift; sourceTree = "<group>"; };
		C02028A12B15D32A008FB1EA /* ProfileVC.swift */ = {isa = PBXFileReference; lastKnownFileType = sourcecode.swift; path = ProfileVC.swift; sourceTree = "<group>"; };
		C02028A32B15D33A008FB1EA /* ProfileView.swift */ = {isa = PBXFileReference; lastKnownFileType = sourcecode.swift; path = ProfileView.swift; sourceTree = "<group>"; };
		C02028A52B15D342008FB1EA /* ProfileViewModel.swift */ = {isa = PBXFileReference; lastKnownFileType = sourcecode.swift; path = ProfileViewModel.swift; sourceTree = "<group>"; };
		C02028A72B15DB71008FB1EA /* NavTitleLabel.swift */ = {isa = PBXFileReference; lastKnownFileType = sourcecode.swift; path = NavTitleLabel.swift; sourceTree = "<group>"; };
		C02028A92B15DD72008FB1EA /* UIImage+Extension.swift */ = {isa = PBXFileReference; lastKnownFileType = sourcecode.swift; path = "UIImage+Extension.swift"; sourceTree = "<group>"; };
		C02028AB2B15DF51008FB1EA /* HomeTableCell.swift */ = {isa = PBXFileReference; lastKnownFileType = sourcecode.swift; path = HomeTableCell.swift; sourceTree = "<group>"; };
		C02028AD2B15E4FA008FB1EA /* ReusableViewProtocol.swift */ = {isa = PBXFileReference; lastKnownFileType = sourcecode.swift; path = ReusableViewProtocol.swift; sourceTree = "<group>"; };
		C02028CF2B17843C008FB1EA /* PostInputVC.swift */ = {isa = PBXFileReference; lastKnownFileType = sourcecode.swift; path = PostInputVC.swift; sourceTree = "<group>"; };
		C02028D12B17845A008FB1EA /* PostInputView.swift */ = {isa = PBXFileReference; lastKnownFileType = sourcecode.swift; path = PostInputView.swift; sourceTree = "<group>"; };
		C02028D32B178475008FB1EA /* PostInputViewModel.swift */ = {isa = PBXFileReference; lastKnownFileType = sourcecode.swift; path = PostInputViewModel.swift; sourceTree = "<group>"; };
		C02C06BC2B07469B00E9AB93 /* BaseViewController.swift */ = {isa = PBXFileReference; fileEncoding = 4; lastKnownFileType = sourcecode.swift; path = BaseViewController.swift; sourceTree = "<group>"; };
		C02C06BD2B07469B00E9AB93 /* BaseViewModel.swift */ = {isa = PBXFileReference; fileEncoding = 4; lastKnownFileType = sourcecode.swift; path = BaseViewModel.swift; sourceTree = "<group>"; };
		C02C06BE2B07469B00E9AB93 /* BaseCellProtocol.swift */ = {isa = PBXFileReference; fileEncoding = 4; lastKnownFileType = sourcecode.swift; path = BaseCellProtocol.swift; sourceTree = "<group>"; };
		C02C06BF2B07469B00E9AB93 /* BaseView.swift */ = {isa = PBXFileReference; fileEncoding = 4; lastKnownFileType = sourcecode.swift; path = BaseView.swift; sourceTree = "<group>"; };
		C02C06C02B07469B00E9AB93 /* BaseCollectionViewCell.swift */ = {isa = PBXFileReference; fileEncoding = 4; lastKnownFileType = sourcecode.swift; path = BaseCollectionViewCell.swift; sourceTree = "<group>"; };
		C02C06C62B0746AC00E9AB93 /* BaseTableViewCell.swift */ = {isa = PBXFileReference; fileEncoding = 4; lastKnownFileType = sourcecode.swift; path = BaseTableViewCell.swift; sourceTree = "<group>"; };
		C02C06CC2B07475F00E9AB93 /* LoginView.swift */ = {isa = PBXFileReference; lastKnownFileType = sourcecode.swift; path = LoginView.swift; sourceTree = "<group>"; };
		C02C06CE2B07476700E9AB93 /* LoginViewModel.swift */ = {isa = PBXFileReference; lastKnownFileType = sourcecode.swift; path = LoginViewModel.swift; sourceTree = "<group>"; };
		C02C06D12B074CCB00E9AB93 /* ViewModelType.swift */ = {isa = PBXFileReference; fileEncoding = 4; lastKnownFileType = sourcecode.swift; path = ViewModelType.swift; sourceTree = "<group>"; };
		C02C06D32B074F2C00E9AB93 /* BasicTextField.swift */ = {isa = PBXFileReference; fileEncoding = 4; lastKnownFileType = sourcecode.swift; path = BasicTextField.swift; sourceTree = "<group>"; };
		C02C06D42B074F2C00E9AB93 /* BasicButton.swift */ = {isa = PBXFileReference; fileEncoding = 4; lastKnownFileType = sourcecode.swift; path = BasicButton.swift; sourceTree = "<group>"; };
		C0685C072B112B7B0098BB49 /* UserDefaultData.swift */ = {isa = PBXFileReference; lastKnownFileType = sourcecode.swift; path = UserDefaultData.swift; sourceTree = "<group>"; };
		C0729D562B10806D00CEA6F0 /* SpoqaHanSansNeo-Thin.otf */ = {isa = PBXFileReference; lastKnownFileType = file; path = "SpoqaHanSansNeo-Thin.otf"; sourceTree = "<group>"; };
		C0729D572B10806D00CEA6F0 /* SpoqaHanSansNeo-Light.otf */ = {isa = PBXFileReference; lastKnownFileType = file; path = "SpoqaHanSansNeo-Light.otf"; sourceTree = "<group>"; };
		C0729D582B10806D00CEA6F0 /* SpoqaHanSansNeo-Bold.otf */ = {isa = PBXFileReference; lastKnownFileType = file; path = "SpoqaHanSansNeo-Bold.otf"; sourceTree = "<group>"; };
		C0729D592B10806D00CEA6F0 /* SpoqaHanSansNeo-Medium.otf */ = {isa = PBXFileReference; lastKnownFileType = file; path = "SpoqaHanSansNeo-Medium.otf"; sourceTree = "<group>"; };
		C0729D5A2B10806D00CEA6F0 /* SpoqaHanSansNeo-Regular.otf */ = {isa = PBXFileReference; lastKnownFileType = file; path = "SpoqaHanSansNeo-Regular.otf"; sourceTree = "<group>"; };
		C0729D612B1080E100CEA6F0 /* SpoqaHanSansNeoFonts.swift */ = {isa = PBXFileReference; fileEncoding = 4; lastKnownFileType = sourcecode.swift; path = SpoqaHanSansNeoFonts.swift; sourceTree = "<group>"; };
		C0729D632B10811400CEA6F0 /* BasicLabel.swift */ = {isa = PBXFileReference; lastKnownFileType = sourcecode.swift; path = BasicLabel.swift; sourceTree = "<group>"; };
		C0729D682B10892500CEA6F0 /* SignupVC.swift */ = {isa = PBXFileReference; lastKnownFileType = sourcecode.swift; path = SignupVC.swift; sourceTree = "<group>"; };
		C0729D6A2B10892D00CEA6F0 /* SignupView.swift */ = {isa = PBXFileReference; lastKnownFileType = sourcecode.swift; path = SignupView.swift; sourceTree = "<group>"; };
		C0729D6C2B10893400CEA6F0 /* SignupViewModel.swift */ = {isa = PBXFileReference; lastKnownFileType = sourcecode.swift; path = SignupViewModel.swift; sourceTree = "<group>"; };
		C0729D6E2B10942900CEA6F0 /* UITextField+Extension.swift */ = {isa = PBXFileReference; lastKnownFileType = sourcecode.swift; path = "UITextField+Extension.swift"; sourceTree = "<group>"; };
		C0729D702B10960E00CEA6F0 /* UnderLineTextField.swift */ = {isa = PBXFileReference; lastKnownFileType = sourcecode.swift; path = UnderLineTextField.swift; sourceTree = "<group>"; };
		C07FA79A2B01E43C000B93F3 /* LifeFlow.app */ = {isa = PBXFileReference; explicitFileType = wrapper.application; includeInIndex = 0; path = LifeFlow.app; sourceTree = BUILT_PRODUCTS_DIR; };
		C07FA79D2B01E43C000B93F3 /* AppDelegate.swift */ = {isa = PBXFileReference; lastKnownFileType = sourcecode.swift; path = AppDelegate.swift; sourceTree = "<group>"; };
		C07FA79F2B01E43C000B93F3 /* SceneDelegate.swift */ = {isa = PBXFileReference; lastKnownFileType = sourcecode.swift; path = SceneDelegate.swift; sourceTree = "<group>"; };
		C07FA7A62B01E43D000B93F3 /* Assets.xcassets */ = {isa = PBXFileReference; lastKnownFileType = folder.assetcatalog; path = Assets.xcassets; sourceTree = "<group>"; };
		C07FA7A92B01E43D000B93F3 /* Base */ = {isa = PBXFileReference; lastKnownFileType = file.storyboard; name = Base; path = Base.lproj/LaunchScreen.storyboard; sourceTree = "<group>"; };
		C07FA7AB2B01E43D000B93F3 /* Info.plist */ = {isa = PBXFileReference; lastKnownFileType = text.plist.xml; path = Info.plist; sourceTree = "<group>"; };
		C07FA7B22B01E525000B93F3 /* LoginVC.swift */ = {isa = PBXFileReference; lastKnownFileType = sourcecode.swift; path = LoginVC.swift; sourceTree = "<group>"; };
		C07FA7C72B01E851000B93F3 /* Constant.swift */ = {isa = PBXFileReference; lastKnownFileType = sourcecode.swift; path = Constant.swift; sourceTree = "<group>"; };
		C07FA7C92B01E8C0000B93F3 /* .gitignore */ = {isa = PBXFileReference; lastKnownFileType = text; path = .gitignore; sourceTree = "<group>"; };
		C07FA7CB2B01E929000B93F3 /* APIManagement.swift */ = {isa = PBXFileReference; lastKnownFileType = sourcecode.swift; path = APIManagement.swift; sourceTree = "<group>"; };
		C07FA7D62B01FB51000B93F3 /* Router.swift */ = {isa = PBXFileReference; lastKnownFileType = sourcecode.swift; path = Router.swift; sourceTree = "<group>"; };
		C07FA7D82B01FBB6000B93F3 /* Encodable+Extension.swift */ = {isa = PBXFileReference; lastKnownFileType = sourcecode.swift; path = "Encodable+Extension.swift"; sourceTree = "<group>"; };
		C082C9FC2B17979C004C53B3 /* PostInputImageCell.swift */ = {isa = PBXFileReference; lastKnownFileType = sourcecode.swift; path = PostInputImageCell.swift; sourceTree = "<group>"; };
		C082CA252B18AF3B004C53B3 /* BasicTextView.swift */ = {isa = PBXFileReference; lastKnownFileType = sourcecode.swift; path = BasicTextView.swift; sourceTree = "<group>"; };
		C0B07F212B10DB5D00350ECC /* ValidateManager.swift */ = {isa = PBXFileReference; lastKnownFileType = sourcecode.swift; path = ValidateManager.swift; sourceTree = "<group>"; };
		C0B07F232B10DC0900350ECC /* UIViewController+Extension.swift */ = {isa = PBXFileReference; lastKnownFileType = sourcecode.swift; path = "UIViewController+Extension.swift"; sourceTree = "<group>"; };
		C0B07F282B1108B200350ECC /* LoadingIndicator.swift */ = {isa = PBXFileReference; lastKnownFileType = sourcecode.swift; path = LoadingIndicator.swift; sourceTree = "<group>"; };
		C0B07F2A2B110C8100350ECC /* DuplicateEmailRequest.swift */ = {isa = PBXFileReference; lastKnownFileType = sourcecode.swift; path = DuplicateEmailRequest.swift; sourceTree = "<group>"; };
		C0B07F2E2B111D9900350ECC /* NetworkError.swift */ = {isa = PBXFileReference; lastKnownFileType = sourcecode.swift; path = NetworkError.swift; sourceTree = "<group>"; };
		C0DAE9202B038E5D0067279A /* CommonMessageResponse.swift */ = {isa = PBXFileReference; lastKnownFileType = sourcecode.swift; path = CommonMessageResponse.swift; sourceTree = "<group>"; };
		C0DAE9332B0503F40067279A /* TokenAPI.swift */ = {isa = PBXFileReference; lastKnownFileType = sourcecode.swift; path = TokenAPI.swift; sourceTree = "<group>"; };
		C0DAE9372B0512E70067279A /* TokenRepository.swift */ = {isa = PBXFileReference; lastKnownFileType = sourcecode.swift; path = TokenRepository.swift; sourceTree = "<group>"; };
		C0DAE9402B0534D20067279A /* TokenEntity.swift */ = {isa = PBXFileReference; lastKnownFileType = sourcecode.swift; path = TokenEntity.swift; sourceTree = "<group>"; };
		C0DAE9422B0534E40067279A /* TokenRequest.swift */ = {isa = PBXFileReference; lastKnownFileType = sourcecode.swift; path = TokenRequest.swift; sourceTree = "<group>"; };
		C0DAE9442B0534F20067279A /* TokenResponse.swift */ = {isa = PBXFileReference; lastKnownFileType = sourcecode.swift; path = TokenResponse.swift; sourceTree = "<group>"; };
		C0DAE9462B059AC40067279A /* JoinRequest.swift */ = {isa = PBXFileReference; lastKnownFileType = sourcecode.swift; path = JoinRequest.swift; sourceTree = "<group>"; };
		C0DAE94A2B059B4A0067279A /* JoinResponse.swift */ = {isa = PBXFileReference; lastKnownFileType = sourcecode.swift; path = JoinResponse.swift; sourceTree = "<group>"; };
		C0DAE94C2B059B880067279A /* JoinEntity.swift */ = {isa = PBXFileReference; lastKnownFileType = sourcecode.swift; path = JoinEntity.swift; sourceTree = "<group>"; };
		C0DAE94F2B059C200067279A /* CreatEntityProtocol.swift */ = {isa = PBXFileReference; lastKnownFileType = sourcecode.swift; path = CreatEntityProtocol.swift; sourceTree = "<group>"; };
		C0DAE9842B05FC8F0067279A /* LoginEntity.swift */ = {isa = PBXFileReference; lastKnownFileType = sourcecode.swift; path = LoginEntity.swift; sourceTree = "<group>"; };
		C0DAE9862B05FC9C0067279A /* LoginResponse.swift */ = {isa = PBXFileReference; lastKnownFileType = sourcecode.swift; path = LoginResponse.swift; sourceTree = "<group>"; };
		C0DAE9882B05FD5C0067279A /* LoginRequest.swift */ = {isa = PBXFileReference; lastKnownFileType = sourcecode.swift; path = LoginRequest.swift; sourceTree = "<group>"; };
		C0F5AAE82B1B08D300B3D102 /* PostRespository.swift */ = {isa = PBXFileReference; lastKnownFileType = sourcecode.swift; path = PostRespository.swift; sourceTree = "<group>"; };
		C0F5AAEA2B1B169C00B3D102 /* PostCreateResponse.swift */ = {isa = PBXFileReference; lastKnownFileType = sourcecode.swift; path = PostCreateResponse.swift; sourceTree = "<group>"; };
		C0F5AAED2B1B16D700B3D102 /* CreatorEntity.swift */ = {isa = PBXFileReference; lastKnownFileType = sourcecode.swift; path = CreatorEntity.swift; sourceTree = "<group>"; };
		C0F5AAF02B1B16FC00B3D102 /* CreatorResponse.swift */ = {isa = PBXFileReference; lastKnownFileType = sourcecode.swift; path = CreatorResponse.swift; sourceTree = "<group>"; };
/* End PBXFileReference section */

/* Begin PBXFrameworksBuildPhase section */
		C07FA7972B01E43C000B93F3 /* Frameworks */ = {
			isa = PBXFrameworksBuildPhase;
			buildActionMask = 2147483647;
			files = (
				C07FA7CF2B01E98C000B93F3 /* Toast in Frameworks */,
				C0F5AAE72B1AD99200B3D102 /* RxGesture in Frameworks */,
				C0B07F272B10DD3000350ECC /* IQKeyboardManagerSwift in Frameworks */,
				C07FA7BF2B01E6FB000B93F3 /* Alamofire in Frameworks */,
				C07FA7C22B01E78E000B93F3 /* RxAlamofire in Frameworks */,
				C02C06D92B0751A800E9AB93 /* Then in Frameworks */,
				C07FA7BC2B01E642000B93F3 /* RxSwift in Frameworks */,
				C07FA7BA2B01E642000B93F3 /* RxCocoa in Frameworks */,
				C07FA7C52B01E7D2000B93F3 /* SnapKit in Frameworks */,
			);
			runOnlyForDeploymentPostprocessing = 0;
		};
/* End PBXFrameworksBuildPhase section */

/* Begin PBXGroup section */
		C006C6932B19D63E004D14AF /* Post */ = {
			isa = PBXGroup;
			children = (
				C0F5AAEA2B1B169C00B3D102 /* PostCreateResponse.swift */,
			);
			path = Post;
			sourceTree = "<group>";
		};
		C006C6942B19D64A004D14AF /* Auth */ = {
			isa = PBXGroup;
			children = (
				C0DAE94C2B059B880067279A /* JoinEntity.swift */,
				C0DAE9842B05FC8F0067279A /* LoginEntity.swift */,
			);
			path = Auth;
			sourceTree = "<group>";
		};
		C006C6952B19D651004D14AF /* Token */ = {
			isa = PBXGroup;
			children = (
				C0DAE9402B0534D20067279A /* TokenEntity.swift */,
			);
			path = Token;
			sourceTree = "<group>";
		};
		C006C6962B19D657004D14AF /* Post */ = {
			isa = PBXGroup;
			children = (
				C006C6972B19D674004D14AF /* PostCreateEntity.swift */,
			);
			path = Post;
			sourceTree = "<group>";
		};
		C006C6992B19D6A0004D14AF /* Post */ = {
			isa = PBXGroup;
			children = (
				C006C69A2B19D6BF004D14AF /* PostCreateRequest.swift */,
			);
			path = Post;
			sourceTree = "<group>";
		};
		C01A42B32B028D8A00317956 /* API */ = {
			isa = PBXGroup;
			children = (
				C01A42B12B02893100317956 /* AuthAPI.swift */,
				C0DAE9332B0503F40067279A /* TokenAPI.swift */,
				C006C69C2B19D94E004D14AF /* PostAPI.swift */,
			);
			path = API;
			sourceTree = "<group>";
		};
		C01A42B42B028E1900317956 /* Repository */ = {
			isa = PBXGroup;
			children = (
				C01A42B52B028E2200317956 /* AuthRepository.swift */,
				C0DAE9372B0512E70067279A /* TokenRepository.swift */,
				C0F5AAE82B1B08D300B3D102 /* PostRespository.swift */,
			);
			path = Repository;
			sourceTree = "<group>";
		};
		C02028952B15C99F008FB1EA /* Start */ = {
			isa = PBXGroup;
			children = (
				C0729D672B10890C00CEA6F0 /* Signup */,
				C02C06CB2B07475300E9AB93 /* Login */,
			);
			path = Start;
			sourceTree = "<group>";
		};
		C02028962B15C9AB008FB1EA /* Tab */ = {
			isa = PBXGroup;
			children = (
				C02028CE2B17842A008FB1EA /* PostInput */,
				C02028A02B15D312008FB1EA /* Profile */,
				C02028972B15C9C2008FB1EA /* Home */,
				C020289E2B15CA5A008FB1EA /* TabBarVC.swift */,
			);
			path = Tab;
			sourceTree = "<group>";
		};
		C02028972B15C9C2008FB1EA /* Home */ = {
			isa = PBXGroup;
			children = (
				C02028982B15C9CF008FB1EA /* HomeView.swift */,
				C020289A2B15C9EA008FB1EA /* HomeVC.swift */,
				C020289C2B15C9F2008FB1EA /* HomeViewModel.swift */,
				C02028AB2B15DF51008FB1EA /* HomeTableCell.swift */,
			);
			path = Home;
			sourceTree = "<group>";
		};
		C02028A02B15D312008FB1EA /* Profile */ = {
			isa = PBXGroup;
			children = (
				C02028A12B15D32A008FB1EA /* ProfileVC.swift */,
				C02028A32B15D33A008FB1EA /* ProfileView.swift */,
				C02028A52B15D342008FB1EA /* ProfileViewModel.swift */,
			);
			path = Profile;
			sourceTree = "<group>";
		};
		C02028CE2B17842A008FB1EA /* PostInput */ = {
			isa = PBXGroup;
			children = (
				C02028CF2B17843C008FB1EA /* PostInputVC.swift */,
				C02028D12B17845A008FB1EA /* PostInputView.swift */,
				C02028D32B178475008FB1EA /* PostInputViewModel.swift */,
				C082C9FC2B17979C004C53B3 /* PostInputImageCell.swift */,
			);
			path = PostInput;
			sourceTree = "<group>";
		};
		C02C06BB2B07465700E9AB93 /* Base */ = {
			isa = PBXGroup;
			children = (
				C02C06BE2B07469B00E9AB93 /* BaseCellProtocol.swift */,
				C02C06C02B07469B00E9AB93 /* BaseCollectionViewCell.swift */,
				C02C06C62B0746AC00E9AB93 /* BaseTableViewCell.swift */,
				C02C06BF2B07469B00E9AB93 /* BaseView.swift */,
				C02C06BC2B07469B00E9AB93 /* BaseViewController.swift */,
				C02C06BD2B07469B00E9AB93 /* BaseViewModel.swift */,
			);
			path = Base;
			sourceTree = "<group>";
		};
		C02C06CA2B07471500E9AB93 /* Scene */ = {
			isa = PBXGroup;
			children = (
				C02028962B15C9AB008FB1EA /* Tab */,
				C02028952B15C99F008FB1EA /* Start */,
			);
			path = Scene;
			sourceTree = "<group>";
		};
		C02C06CB2B07475300E9AB93 /* Login */ = {
			isa = PBXGroup;
			children = (
				C07FA7B22B01E525000B93F3 /* LoginVC.swift */,
				C02C06CC2B07475F00E9AB93 /* LoginView.swift */,
				C02C06CE2B07476700E9AB93 /* LoginViewModel.swift */,
			);
			path = Login;
			sourceTree = "<group>";
		};
		C02C06D02B0747E700E9AB93 /* Resource */ = {
			isa = PBXGroup;
			children = (
				C0729D552B10806D00CEA6F0 /* Font */,
				C07FA7A62B01E43D000B93F3 /* Assets.xcassets */,
			);
			path = Resource;
			sourceTree = "<group>";
		};
		C0729D552B10806D00CEA6F0 /* Font */ = {
			isa = PBXGroup;
			children = (
				C0729D562B10806D00CEA6F0 /* SpoqaHanSansNeo-Thin.otf */,
				C0729D572B10806D00CEA6F0 /* SpoqaHanSansNeo-Light.otf */,
				C0729D582B10806D00CEA6F0 /* SpoqaHanSansNeo-Bold.otf */,
				C0729D592B10806D00CEA6F0 /* SpoqaHanSansNeo-Medium.otf */,
				C0729D5A2B10806D00CEA6F0 /* SpoqaHanSansNeo-Regular.otf */,
			);
			path = Font;
			sourceTree = "<group>";
		};
		C0729D602B1080E100CEA6F0 /* Enum */ = {
			isa = PBXGroup;
			children = (
				C0729D612B1080E100CEA6F0 /* SpoqaHanSansNeoFonts.swift */,
			);
			path = Enum;
			sourceTree = "<group>";
		};
		C0729D672B10890C00CEA6F0 /* Signup */ = {
			isa = PBXGroup;
			children = (
				C0729D682B10892500CEA6F0 /* SignupVC.swift */,
				C0729D6A2B10892D00CEA6F0 /* SignupView.swift */,
				C0729D6C2B10893400CEA6F0 /* SignupViewModel.swift */,
			);
			path = Signup;
			sourceTree = "<group>";
		};
		C07FA7912B01E43C000B93F3 = {
			isa = PBXGroup;
			children = (
				C07FA79C2B01E43C000B93F3 /* LifeFlow */,
				C07FA79B2B01E43C000B93F3 /* Products */,
			);
			sourceTree = "<group>";
		};
		C07FA79B2B01E43C000B93F3 /* Products */ = {
			isa = PBXGroup;
			children = (
				C07FA79A2B01E43C000B93F3 /* LifeFlow.app */,
			);
			name = Products;
			sourceTree = "<group>";
		};
		C07FA79C2B01E43C000B93F3 /* LifeFlow */ = {
			isa = PBXGroup;
			children = (
				C07FA7C92B01E8C0000B93F3 /* .gitignore */,
				C07FA7AB2B01E43D000B93F3 /* Info.plist */,
				C07FA79D2B01E43C000B93F3 /* AppDelegate.swift */,
				C07FA79F2B01E43C000B93F3 /* SceneDelegate.swift */,
				C02C06BB2B07465700E9AB93 /* Base */,
				C07FA7B12B01E508000B93F3 /* CustomView */,
				C0729D602B1080E100CEA6F0 /* Enum */,
				C07FA7B62B01E558000B93F3 /* Extension */,
				C07FA7A82B01E43D000B93F3 /* LaunchScreen.storyboard */,
				C07FA7B42B01E547000B93F3 /* Model */,
				C07FA7B52B01E550000B93F3 /* Network */,
				C0DAE94E2B059BF80067279A /* Protocol */,
				C01A42B42B028E1900317956 /* Repository */,
				C02C06D02B0747E700E9AB93 /* Resource */,
				C02C06CA2B07471500E9AB93 /* Scene */,
				C07FA7C62B01E83C000B93F3 /* Utils */,
			);
			path = LifeFlow;
			sourceTree = "<group>";
		};
		C07FA7B12B01E508000B93F3 /* CustomView */ = {
			isa = PBXGroup;
			children = (
				C02C06D42B074F2C00E9AB93 /* BasicButton.swift */,
				C0729D632B10811400CEA6F0 /* BasicLabel.swift */,
				C02C06D32B074F2C00E9AB93 /* BasicTextField.swift */,
				C082CA252B18AF3B004C53B3 /* BasicTextView.swift */,
				C0B07F282B1108B200350ECC /* LoadingIndicator.swift */,
				C02028A72B15DB71008FB1EA /* NavTitleLabel.swift */,
				C0729D702B10960E00CEA6F0 /* UnderLineTextField.swift */,
			);
			path = CustomView;
			sourceTree = "<group>";
		};
		C07FA7B42B01E547000B93F3 /* Model */ = {
			isa = PBXGroup;
			children = (
				C0DAE9202B038E5D0067279A /* CommonMessageResponse.swift */,
				C0DAE93D2B0531220067279A /* DTO */,
				C0DAE93E2B0531280067279A /* Entity */,
				C07FA7D02B01E9A3000B93F3 /* Request */,
				C006C6A02B1ACCAC004D14AF /* PhpickerImage.swift */,
			);
			path = Model;
			sourceTree = "<group>";
		};
		C07FA7B52B01E550000B93F3 /* Network */ = {
			isa = PBXGroup;
			children = (
				C07FA7CB2B01E929000B93F3 /* APIManagement.swift */,
				C01A42AF2B02888400317956 /* Network.swift */,
				C0B07F2E2B111D9900350ECC /* NetworkError.swift */,
				C07FA7D62B01FB51000B93F3 /* Router.swift */,
				C01A42B32B028D8A00317956 /* API */,
			);
			path = Network;
			sourceTree = "<group>";
		};
		C07FA7B62B01E558000B93F3 /* Extension */ = {
			isa = PBXGroup;
			children = (
				C07FA7D82B01FBB6000B93F3 /* Encodable+Extension.swift */,
				C0729D6E2B10942900CEA6F0 /* UITextField+Extension.swift */,
				C0B07F232B10DC0900350ECC /* UIViewController+Extension.swift */,
				C02028A92B15DD72008FB1EA /* UIImage+Extension.swift */,
				C006C69E2B1A1B7D004D14AF /* Date+Extension.swift */,
			);
			path = Extension;
			sourceTree = "<group>";
		};
		C07FA7C62B01E83C000B93F3 /* Utils */ = {
			isa = PBXGroup;
			children = (
				C07FA7C72B01E851000B93F3 /* Constant.swift */,
				C0B07F212B10DB5D00350ECC /* ValidateManager.swift */,
				C0685C072B112B7B0098BB49 /* UserDefaultData.swift */,
			);
			path = Utils;
			sourceTree = "<group>";
		};
		C07FA7D02B01E9A3000B93F3 /* Request */ = {
			isa = PBXGroup;
			children = (
				C0DAE9492B059ACD0067279A /* Auth */,
				C006C6992B19D6A0004D14AF /* Post */,
				C0DAE9482B059AC60067279A /* Token */,
			);
			path = Request;
			sourceTree = "<group>";
		};
		C0B07F2C2B110D8E00350ECC /* Auth */ = {
			isa = PBXGroup;
			children = (
				C0DAE94A2B059B4A0067279A /* JoinResponse.swift */,
				C0DAE9862B05FC9C0067279A /* LoginResponse.swift */,
			);
			path = Auth;
			sourceTree = "<group>";
		};
		C0B07F2D2B110D9C00350ECC /* Token */ = {
			isa = PBXGroup;
			children = (
				C0DAE9442B0534F20067279A /* TokenResponse.swift */,
			);
			path = Token;
			sourceTree = "<group>";
		};
		C0DAE93D2B0531220067279A /* DTO */ = {
			isa = PBXGroup;
			children = (
				C0F5AAEF2B1B16EE00B3D102 /* Common */,
				C0B07F2C2B110D8E00350ECC /* Auth */,
				C006C6932B19D63E004D14AF /* Post */,
				C0B07F2D2B110D9C00350ECC /* Token */,
			);
			path = DTO;
			sourceTree = "<group>";
		};
		C0DAE93E2B0531280067279A /* Entity */ = {
			isa = PBXGroup;
			children = (
				C0F5AAEC2B1B16CC00B3D102 /* Common */,
				C006C6942B19D64A004D14AF /* Auth */,
				C006C6962B19D657004D14AF /* Post */,
				C006C6952B19D651004D14AF /* Token */,
			);
			path = Entity;
			sourceTree = "<group>";
		};
		C0DAE9482B059AC60067279A /* Token */ = {
			isa = PBXGroup;
			children = (
				C0DAE9422B0534E40067279A /* TokenRequest.swift */,
			);
			path = Token;
			sourceTree = "<group>";
		};
		C0DAE9492B059ACD0067279A /* Auth */ = {
			isa = PBXGroup;
			children = (
				C0DAE9462B059AC40067279A /* JoinRequest.swift */,
				C0DAE9882B05FD5C0067279A /* LoginRequest.swift */,
				C0B07F2A2B110C8100350ECC /* DuplicateEmailRequest.swift */,
			);
			path = Auth;
			sourceTree = "<group>";
		};
		C0DAE94E2B059BF80067279A /* Protocol */ = {
			isa = PBXGroup;
			children = (
				C02C06D12B074CCB00E9AB93 /* ViewModelType.swift */,
				C0DAE94F2B059C200067279A /* CreatEntityProtocol.swift */,
				C02028AD2B15E4FA008FB1EA /* ReusableViewProtocol.swift */,
			);
			path = Protocol;
			sourceTree = "<group>";
		};
		C0F5AAEC2B1B16CC00B3D102 /* Common */ = {
			isa = PBXGroup;
			children = (
				C0F5AAED2B1B16D700B3D102 /* CreatorEntity.swift */,
			);
			path = Common;
			sourceTree = "<group>";
		};
		C0F5AAEF2B1B16EE00B3D102 /* Common */ = {
			isa = PBXGroup;
			children = (
				C0F5AAF02B1B16FC00B3D102 /* CreatorResponse.swift */,
			);
			path = Common;
			sourceTree = "<group>";
		};
/* End PBXGroup section */

/* Begin PBXNativeTarget section */
		C07FA7992B01E43C000B93F3 /* LifeFlow */ = {
			isa = PBXNativeTarget;
			buildConfigurationList = C07FA7AE2B01E43D000B93F3 /* Build configuration list for PBXNativeTarget "LifeFlow" */;
			buildPhases = (
				C07FA7962B01E43C000B93F3 /* Sources */,
				C07FA7972B01E43C000B93F3 /* Frameworks */,
				C07FA7982B01E43C000B93F3 /* Resources */,
			);
			buildRules = (
			);
			dependencies = (
			);
			name = LifeFlow;
			packageProductDependencies = (
				C07FA7B92B01E642000B93F3 /* RxCocoa */,
				C07FA7BB2B01E642000B93F3 /* RxSwift */,
				C07FA7BE2B01E6FB000B93F3 /* Alamofire */,
				C07FA7C12B01E78E000B93F3 /* RxAlamofire */,
				C07FA7C42B01E7D2000B93F3 /* SnapKit */,
				C07FA7CE2B01E98C000B93F3 /* Toast */,
				C02C06D82B0751A800E9AB93 /* Then */,
				C0B07F262B10DD3000350ECC /* IQKeyboardManagerSwift */,
				C0F5AAE62B1AD99200B3D102 /* RxGesture */,
			);
			productName = LifeFlow;
			productReference = C07FA79A2B01E43C000B93F3 /* LifeFlow.app */;
			productType = "com.apple.product-type.application";
		};
/* End PBXNativeTarget section */

/* Begin PBXProject section */
		C07FA7922B01E43C000B93F3 /* Project object */ = {
			isa = PBXProject;
			attributes = {
				BuildIndependentTargetsInParallel = 1;
				LastSwiftUpdateCheck = 1500;
				LastUpgradeCheck = 1500;
				TargetAttributes = {
					C07FA7992B01E43C000B93F3 = {
						CreatedOnToolsVersion = 15.0;
					};
				};
			};
			buildConfigurationList = C07FA7952B01E43C000B93F3 /* Build configuration list for PBXProject "LifeFlow" */;
			compatibilityVersion = "Xcode 14.0";
			developmentRegion = en;
			hasScannedForEncodings = 0;
			knownRegions = (
				en,
				Base,
			);
			mainGroup = C07FA7912B01E43C000B93F3;
			packageReferences = (
				C07FA7B82B01E642000B93F3 /* XCRemoteSwiftPackageReference "RxSwift" */,
				C07FA7BD2B01E6FB000B93F3 /* XCRemoteSwiftPackageReference "Alamofire" */,
				C07FA7C02B01E78E000B93F3 /* XCRemoteSwiftPackageReference "RxAlamofire" */,
				C07FA7C32B01E7D2000B93F3 /* XCRemoteSwiftPackageReference "SnapKit" */,
				C07FA7CD2B01E98C000B93F3 /* XCRemoteSwiftPackageReference "Toast-Swift" */,
				C02C06D72B0751A800E9AB93 /* XCRemoteSwiftPackageReference "Then" */,
				C0B07F252B10DD3000350ECC /* XCRemoteSwiftPackageReference "IQKeyboardManager" */,
				C0F5AAE52B1AD99200B3D102 /* XCRemoteSwiftPackageReference "RxGesture" */,
			);
			productRefGroup = C07FA79B2B01E43C000B93F3 /* Products */;
			projectDirPath = "";
			projectRoot = "";
			targets = (
				C07FA7992B01E43C000B93F3 /* LifeFlow */,
			);
		};
/* End PBXProject section */

/* Begin PBXResourcesBuildPhase section */
		C07FA7982B01E43C000B93F3 /* Resources */ = {
			isa = PBXResourcesBuildPhase;
			buildActionMask = 2147483647;
			files = (
				C0729D5C2B10806D00CEA6F0 /* SpoqaHanSansNeo-Light.otf in Resources */,
				C07FA7AA2B01E43D000B93F3 /* LaunchScreen.storyboard in Resources */,
				C0729D5E2B10806D00CEA6F0 /* SpoqaHanSansNeo-Medium.otf in Resources */,
				C0729D5F2B10806D00CEA6F0 /* SpoqaHanSansNeo-Regular.otf in Resources */,
				C0729D5B2B10806D00CEA6F0 /* SpoqaHanSansNeo-Thin.otf in Resources */,
				C0729D5D2B10806D00CEA6F0 /* SpoqaHanSansNeo-Bold.otf in Resources */,
				C07FA7CA2B01E8C0000B93F3 /* .gitignore in Resources */,
				C07FA7A72B01E43D000B93F3 /* Assets.xcassets in Resources */,
			);
			runOnlyForDeploymentPostprocessing = 0;
		};
/* End PBXResourcesBuildPhase section */

/* Begin PBXSourcesBuildPhase section */
		C07FA7962B01E43C000B93F3 /* Sources */ = {
			isa = PBXSourcesBuildPhase;
			buildActionMask = 2147483647;
			files = (
				C02028D42B178475008FB1EA /* PostInputViewModel.swift in Sources */,
				C0B07F292B1108B200350ECC /* LoadingIndicator.swift in Sources */,
				C0729D6B2B10892D00CEA6F0 /* SignupView.swift in Sources */,
				C02028D02B17843C008FB1EA /* PostInputVC.swift in Sources */,
				C0F5AAEB2B1B169C00B3D102 /* PostCreateResponse.swift in Sources */,
				C0B07F222B10DB5D00350ECC /* ValidateManager.swift in Sources */,
				C020289D2B15C9F2008FB1EA /* HomeViewModel.swift in Sources */,
				C0DAE9892B05FD5C0067279A /* LoginRequest.swift in Sources */,
				C0729D642B10811400CEA6F0 /* BasicLabel.swift in Sources */,
				C0DAE9502B059C200067279A /* CreatEntityProtocol.swift in Sources */,
				C0DAE9472B059AC40067279A /* JoinRequest.swift in Sources */,
				C02028A22B15D32A008FB1EA /* ProfileVC.swift in Sources */,
				C006C6A12B1ACCAC004D14AF /* PhpickerImage.swift in Sources */,
				C082CA262B18AF3B004C53B3 /* BasicTextView.swift in Sources */,
				C0729D6F2B10942900CEA6F0 /* UITextField+Extension.swift in Sources */,
				C02028A42B15D33A008FB1EA /* ProfileView.swift in Sources */,
				C006C6982B19D674004D14AF /* PostCreateEntity.swift in Sources */,
				C020289B2B15C9EA008FB1EA /* HomeVC.swift in Sources */,
				C0685C082B112B7B0098BB49 /* UserDefaultData.swift in Sources */,
				C0DAE9212B038E5D0067279A /* CommonMessageResponse.swift in Sources */,
				C07FA7D72B01FB51000B93F3 /* Router.swift in Sources */,
				C0DAE9872B05FC9C0067279A /* LoginResponse.swift in Sources */,
				C02C06C22B07469B00E9AB93 /* BaseViewModel.swift in Sources */,
				C0DAE94B2B059B4A0067279A /* JoinResponse.swift in Sources */,
				C0DAE9342B0503F40067279A /* TokenAPI.swift in Sources */,
				C02C06C32B07469B00E9AB93 /* BaseCellProtocol.swift in Sources */,
				C02C06D22B074CCB00E9AB93 /* ViewModelType.swift in Sources */,
				C02C06C42B07469B00E9AB93 /* BaseView.swift in Sources */,
				C0B07F242B10DC0900350ECC /* UIViewController+Extension.swift in Sources */,
				C07FA7D92B01FBB6000B93F3 /* Encodable+Extension.swift in Sources */,
				C02C06D62B074F2C00E9AB93 /* BasicButton.swift in Sources */,
				C07FA79E2B01E43C000B93F3 /* AppDelegate.swift in Sources */,
				C082C9FD2B17979C004C53B3 /* PostInputImageCell.swift in Sources */,
				C0F5AAEE2B1B16D700B3D102 /* CreatorEntity.swift in Sources */,
				C0DAE94D2B059B880067279A /* JoinEntity.swift in Sources */,
				C0DAE9412B0534D20067279A /* TokenEntity.swift in Sources */,
				C0DAE9382B0512E70067279A /* TokenRepository.swift in Sources */,
				C0729D692B10892500CEA6F0 /* SignupVC.swift in Sources */,
				C02028A62B15D342008FB1EA /* ProfileViewModel.swift in Sources */,
				C0B07F2F2B111D9900350ECC /* NetworkError.swift in Sources */,
				C0DAE9852B05FC8F0067279A /* LoginEntity.swift in Sources */,
				C006C69D2B19D94E004D14AF /* PostAPI.swift in Sources */,
				C07FA7A02B01E43C000B93F3 /* SceneDelegate.swift in Sources */,
				C020289F2B15CA5A008FB1EA /* TabBarVC.swift in Sources */,
				C02028AC2B15DF51008FB1EA /* HomeTableCell.swift in Sources */,
				C07FA7CC2B01E929000B93F3 /* APIManagement.swift in Sources */,
				C02C06CF2B07476700E9AB93 /* LoginViewModel.swift in Sources */,
				C0F5AAF12B1B16FC00B3D102 /* CreatorResponse.swift in Sources */,
				C07FA7B32B01E525000B93F3 /* LoginVC.swift in Sources */,
				C02C06C52B07469B00E9AB93 /* BaseCollectionViewCell.swift in Sources */,
				C02C06CD2B07475F00E9AB93 /* LoginView.swift in Sources */,
				C0B07F2B2B110C8100350ECC /* DuplicateEmailRequest.swift in Sources */,
				C01A42B02B02888400317956 /* Network.swift in Sources */,
				C0DAE9452B0534F20067279A /* TokenResponse.swift in Sources */,
				C02028AA2B15DD72008FB1EA /* UIImage+Extension.swift in Sources */,
				C006C69F2B1A1B7D004D14AF /* Date+Extension.swift in Sources */,
				C02C06C12B07469B00E9AB93 /* BaseViewController.swift in Sources */,
				C07FA7C82B01E851000B93F3 /* Constant.swift in Sources */,
				C0DAE9432B0534E40067279A /* TokenRequest.swift in Sources */,
				C0729D6D2B10893400CEA6F0 /* SignupViewModel.swift in Sources */,
				C02C06D52B074F2C00E9AB93 /* BasicTextField.swift in Sources */,
				C02028D22B17845A008FB1EA /* PostInputView.swift in Sources */,
				C0729D622B1080E100CEA6F0 /* SpoqaHanSansNeoFonts.swift in Sources */,
				C01A42B62B028E2200317956 /* AuthRepository.swift in Sources */,
				C02C06C72B0746AC00E9AB93 /* BaseTableViewCell.swift in Sources */,
				C02028AE2B15E4FA008FB1EA /* ReusableViewProtocol.swift in Sources */,
				C006C69B2B19D6BF004D14AF /* PostCreateRequest.swift in Sources */,
				C0F5AAE92B1B08D300B3D102 /* PostRespository.swift in Sources */,
				C02028A82B15DB71008FB1EA /* NavTitleLabel.swift in Sources */,
				C02028992B15C9CF008FB1EA /* HomeView.swift in Sources */,
				C0729D712B10960E00CEA6F0 /* UnderLineTextField.swift in Sources */,
				C01A42B22B02893100317956 /* AuthAPI.swift in Sources */,
			);
			runOnlyForDeploymentPostprocessing = 0;
		};
/* End PBXSourcesBuildPhase section */

/* Begin PBXVariantGroup section */
		C07FA7A82B01E43D000B93F3 /* LaunchScreen.storyboard */ = {
			isa = PBXVariantGroup;
			children = (
				C07FA7A92B01E43D000B93F3 /* Base */,
			);
			name = LaunchScreen.storyboard;
			sourceTree = "<group>";
		};
/* End PBXVariantGroup section */

/* Begin XCBuildConfiguration section */
		C07FA7AC2B01E43D000B93F3 /* Debug */ = {
			isa = XCBuildConfiguration;
			buildSettings = {
				ALWAYS_SEARCH_USER_PATHS = NO;
				ASSETCATALOG_COMPILER_GENERATE_SWIFT_ASSET_SYMBOL_EXTENSIONS = YES;
				CLANG_ANALYZER_NONNULL = YES;
				CLANG_ANALYZER_NUMBER_OBJECT_CONVERSION = YES_AGGRESSIVE;
				CLANG_CXX_LANGUAGE_STANDARD = "gnu++20";
				CLANG_ENABLE_MODULES = YES;
				CLANG_ENABLE_OBJC_ARC = YES;
				CLANG_ENABLE_OBJC_WEAK = YES;
				CLANG_WARN_BLOCK_CAPTURE_AUTORELEASING = YES;
				CLANG_WARN_BOOL_CONVERSION = YES;
				CLANG_WARN_COMMA = YES;
				CLANG_WARN_CONSTANT_CONVERSION = YES;
				CLANG_WARN_DEPRECATED_OBJC_IMPLEMENTATIONS = YES;
				CLANG_WARN_DIRECT_OBJC_ISA_USAGE = YES_ERROR;
				CLANG_WARN_DOCUMENTATION_COMMENTS = YES;
				CLANG_WARN_EMPTY_BODY = YES;
				CLANG_WARN_ENUM_CONVERSION = YES;
				CLANG_WARN_INFINITE_RECURSION = YES;
				CLANG_WARN_INT_CONVERSION = YES;
				CLANG_WARN_NON_LITERAL_NULL_CONVERSION = YES;
				CLANG_WARN_OBJC_IMPLICIT_RETAIN_SELF = YES;
				CLANG_WARN_OBJC_LITERAL_CONVERSION = YES;
				CLANG_WARN_OBJC_ROOT_CLASS = YES_ERROR;
				CLANG_WARN_QUOTED_INCLUDE_IN_FRAMEWORK_HEADER = YES;
				CLANG_WARN_RANGE_LOOP_ANALYSIS = YES;
				CLANG_WARN_STRICT_PROTOTYPES = YES;
				CLANG_WARN_SUSPICIOUS_MOVE = YES;
				CLANG_WARN_UNGUARDED_AVAILABILITY = YES_AGGRESSIVE;
				CLANG_WARN_UNREACHABLE_CODE = YES;
				CLANG_WARN__DUPLICATE_METHOD_MATCH = YES;
				COPY_PHASE_STRIP = NO;
				DEBUG_INFORMATION_FORMAT = dwarf;
				ENABLE_STRICT_OBJC_MSGSEND = YES;
				ENABLE_TESTABILITY = YES;
				ENABLE_USER_SCRIPT_SANDBOXING = YES;
				GCC_C_LANGUAGE_STANDARD = gnu17;
				GCC_DYNAMIC_NO_PIC = NO;
				GCC_NO_COMMON_BLOCKS = YES;
				GCC_OPTIMIZATION_LEVEL = 0;
				GCC_PREPROCESSOR_DEFINITIONS = (
					"DEBUG=1",
					"$(inherited)",
				);
				GCC_WARN_64_TO_32_BIT_CONVERSION = YES;
				GCC_WARN_ABOUT_RETURN_TYPE = YES_ERROR;
				GCC_WARN_UNDECLARED_SELECTOR = YES;
				GCC_WARN_UNINITIALIZED_AUTOS = YES_AGGRESSIVE;
				GCC_WARN_UNUSED_FUNCTION = YES;
				GCC_WARN_UNUSED_VARIABLE = YES;
				IPHONEOS_DEPLOYMENT_TARGET = 17.0;
				LOCALIZATION_PREFERS_STRING_CATALOGS = YES;
				MTL_ENABLE_DEBUG_INFO = INCLUDE_SOURCE;
				MTL_FAST_MATH = YES;
				ONLY_ACTIVE_ARCH = YES;
				SDKROOT = iphoneos;
				SWIFT_ACTIVE_COMPILATION_CONDITIONS = "DEBUG $(inherited)";
				SWIFT_OPTIMIZATION_LEVEL = "-Onone";
			};
			name = Debug;
		};
		C07FA7AD2B01E43D000B93F3 /* Release */ = {
			isa = XCBuildConfiguration;
			buildSettings = {
				ALWAYS_SEARCH_USER_PATHS = NO;
				ASSETCATALOG_COMPILER_GENERATE_SWIFT_ASSET_SYMBOL_EXTENSIONS = YES;
				CLANG_ANALYZER_NONNULL = YES;
				CLANG_ANALYZER_NUMBER_OBJECT_CONVERSION = YES_AGGRESSIVE;
				CLANG_CXX_LANGUAGE_STANDARD = "gnu++20";
				CLANG_ENABLE_MODULES = YES;
				CLANG_ENABLE_OBJC_ARC = YES;
				CLANG_ENABLE_OBJC_WEAK = YES;
				CLANG_WARN_BLOCK_CAPTURE_AUTORELEASING = YES;
				CLANG_WARN_BOOL_CONVERSION = YES;
				CLANG_WARN_COMMA = YES;
				CLANG_WARN_CONSTANT_CONVERSION = YES;
				CLANG_WARN_DEPRECATED_OBJC_IMPLEMENTATIONS = YES;
				CLANG_WARN_DIRECT_OBJC_ISA_USAGE = YES_ERROR;
				CLANG_WARN_DOCUMENTATION_COMMENTS = YES;
				CLANG_WARN_EMPTY_BODY = YES;
				CLANG_WARN_ENUM_CONVERSION = YES;
				CLANG_WARN_INFINITE_RECURSION = YES;
				CLANG_WARN_INT_CONVERSION = YES;
				CLANG_WARN_NON_LITERAL_NULL_CONVERSION = YES;
				CLANG_WARN_OBJC_IMPLICIT_RETAIN_SELF = YES;
				CLANG_WARN_OBJC_LITERAL_CONVERSION = YES;
				CLANG_WARN_OBJC_ROOT_CLASS = YES_ERROR;
				CLANG_WARN_QUOTED_INCLUDE_IN_FRAMEWORK_HEADER = YES;
				CLANG_WARN_RANGE_LOOP_ANALYSIS = YES;
				CLANG_WARN_STRICT_PROTOTYPES = YES;
				CLANG_WARN_SUSPICIOUS_MOVE = YES;
				CLANG_WARN_UNGUARDED_AVAILABILITY = YES_AGGRESSIVE;
				CLANG_WARN_UNREACHABLE_CODE = YES;
				CLANG_WARN__DUPLICATE_METHOD_MATCH = YES;
				COPY_PHASE_STRIP = NO;
				DEBUG_INFORMATION_FORMAT = "dwarf-with-dsym";
				ENABLE_NS_ASSERTIONS = NO;
				ENABLE_STRICT_OBJC_MSGSEND = YES;
				ENABLE_USER_SCRIPT_SANDBOXING = YES;
				GCC_C_LANGUAGE_STANDARD = gnu17;
				GCC_NO_COMMON_BLOCKS = YES;
				GCC_WARN_64_TO_32_BIT_CONVERSION = YES;
				GCC_WARN_ABOUT_RETURN_TYPE = YES_ERROR;
				GCC_WARN_UNDECLARED_SELECTOR = YES;
				GCC_WARN_UNINITIALIZED_AUTOS = YES_AGGRESSIVE;
				GCC_WARN_UNUSED_FUNCTION = YES;
				GCC_WARN_UNUSED_VARIABLE = YES;
				IPHONEOS_DEPLOYMENT_TARGET = 17.0;
				LOCALIZATION_PREFERS_STRING_CATALOGS = YES;
				MTL_ENABLE_DEBUG_INFO = NO;
				MTL_FAST_MATH = YES;
				SDKROOT = iphoneos;
				SWIFT_COMPILATION_MODE = wholemodule;
				VALIDATE_PRODUCT = YES;
			};
			name = Release;
		};
		C07FA7AF2B01E43D000B93F3 /* Debug */ = {
			isa = XCBuildConfiguration;
			buildSettings = {
				ASSETCATALOG_COMPILER_APPICON_NAME = AppIcon;
				ASSETCATALOG_COMPILER_GLOBAL_ACCENT_COLOR_NAME = AccentColor;
				CODE_SIGN_STYLE = Automatic;
				CURRENT_PROJECT_VERSION = 1;
				DEVELOPMENT_TEAM = SV3K237PCX;
				GENERATE_INFOPLIST_FILE = YES;
				INFOPLIST_FILE = LifeFlow/Info.plist;
				INFOPLIST_KEY_UIApplicationSupportsIndirectInputEvents = YES;
				INFOPLIST_KEY_UILaunchStoryboardName = LaunchScreen;
				INFOPLIST_KEY_UISupportedInterfaceOrientations = UIInterfaceOrientationPortrait;
				INFOPLIST_KEY_UISupportedInterfaceOrientations_iPad = "UIInterfaceOrientationLandscapeLeft UIInterfaceOrientationLandscapeRight UIInterfaceOrientationPortrait UIInterfaceOrientationPortraitUpsideDown";
				LD_RUNPATH_SEARCH_PATHS = (
					"$(inherited)",
					"@executable_path/Frameworks",
				);
				MARKETING_VERSION = 1.0;
				PRODUCT_BUNDLE_IDENTIFIER = com.comet.LifeFlow;
				PRODUCT_NAME = "$(TARGET_NAME)";
				SUPPORTED_PLATFORMS = "iphoneos iphonesimulator";
				SUPPORTS_MACCATALYST = NO;
				SUPPORTS_MAC_DESIGNED_FOR_IPHONE_IPAD = NO;
				SWIFT_EMIT_LOC_STRINGS = YES;
				SWIFT_VERSION = 5.0;
				TARGETED_DEVICE_FAMILY = 1;
			};
			name = Debug;
		};
		C07FA7B02B01E43D000B93F3 /* Release */ = {
			isa = XCBuildConfiguration;
			buildSettings = {
				ASSETCATALOG_COMPILER_APPICON_NAME = AppIcon;
				ASSETCATALOG_COMPILER_GLOBAL_ACCENT_COLOR_NAME = AccentColor;
				CODE_SIGN_STYLE = Automatic;
				CURRENT_PROJECT_VERSION = 1;
				DEVELOPMENT_TEAM = SV3K237PCX;
				GENERATE_INFOPLIST_FILE = YES;
				INFOPLIST_FILE = LifeFlow/Info.plist;
				INFOPLIST_KEY_UIApplicationSupportsIndirectInputEvents = YES;
				INFOPLIST_KEY_UILaunchStoryboardName = LaunchScreen;
				INFOPLIST_KEY_UISupportedInterfaceOrientations = UIInterfaceOrientationPortrait;
				INFOPLIST_KEY_UISupportedInterfaceOrientations_iPad = "UIInterfaceOrientationLandscapeLeft UIInterfaceOrientationLandscapeRight UIInterfaceOrientationPortrait UIInterfaceOrientationPortraitUpsideDown";
				LD_RUNPATH_SEARCH_PATHS = (
					"$(inherited)",
					"@executable_path/Frameworks",
				);
				MARKETING_VERSION = 1.0;
				PRODUCT_BUNDLE_IDENTIFIER = com.comet.LifeFlow;
				PRODUCT_NAME = "$(TARGET_NAME)";
				SUPPORTED_PLATFORMS = "iphoneos iphonesimulator";
				SUPPORTS_MACCATALYST = NO;
				SUPPORTS_MAC_DESIGNED_FOR_IPHONE_IPAD = NO;
				SWIFT_EMIT_LOC_STRINGS = YES;
				SWIFT_VERSION = 5.0;
				TARGETED_DEVICE_FAMILY = 1;
			};
			name = Release;
		};
/* End XCBuildConfiguration section */

/* Begin XCConfigurationList section */
		C07FA7952B01E43C000B93F3 /* Build configuration list for PBXProject "LifeFlow" */ = {
			isa = XCConfigurationList;
			buildConfigurations = (
				C07FA7AC2B01E43D000B93F3 /* Debug */,
				C07FA7AD2B01E43D000B93F3 /* Release */,
			);
			defaultConfigurationIsVisible = 0;
			defaultConfigurationName = Release;
		};
		C07FA7AE2B01E43D000B93F3 /* Build configuration list for PBXNativeTarget "LifeFlow" */ = {
			isa = XCConfigurationList;
			buildConfigurations = (
				C07FA7AF2B01E43D000B93F3 /* Debug */,
				C07FA7B02B01E43D000B93F3 /* Release */,
			);
			defaultConfigurationIsVisible = 0;
			defaultConfigurationName = Release;
		};
/* End XCConfigurationList section */

/* Begin XCRemoteSwiftPackageReference section */
		C02C06D72B0751A800E9AB93 /* XCRemoteSwiftPackageReference "Then" */ = {
			isa = XCRemoteSwiftPackageReference;
			repositoryURL = "https://github.com/devxoul/Then.git";
			requirement = {
				kind = upToNextMajorVersion;
				minimumVersion = 3.0.0;
			};
		};
		C07FA7B82B01E642000B93F3 /* XCRemoteSwiftPackageReference "RxSwift" */ = {
			isa = XCRemoteSwiftPackageReference;
			repositoryURL = "https://github.com/ReactiveX/RxSwift";
			requirement = {
				kind = upToNextMajorVersion;
				minimumVersion = 6.6.0;
			};
		};
		C07FA7BD2B01E6FB000B93F3 /* XCRemoteSwiftPackageReference "Alamofire" */ = {
			isa = XCRemoteSwiftPackageReference;
			repositoryURL = "https://github.com/Alamofire/Alamofire.git";
			requirement = {
				kind = upToNextMajorVersion;
				minimumVersion = 5.8.1;
			};
		};
		C07FA7C02B01E78E000B93F3 /* XCRemoteSwiftPackageReference "RxAlamofire" */ = {
			isa = XCRemoteSwiftPackageReference;
			repositoryURL = "https://github.com/RxSwiftCommunity/RxAlamofire.git";
			requirement = {
				kind = upToNextMajorVersion;
				minimumVersion = 6.0.0;
			};
		};
		C07FA7C32B01E7D2000B93F3 /* XCRemoteSwiftPackageReference "SnapKit" */ = {
			isa = XCRemoteSwiftPackageReference;
			repositoryURL = "https://github.com/SnapKit/SnapKit";
			requirement = {
				kind = upToNextMajorVersion;
				minimumVersion = 5.6.0;
			};
		};
		C07FA7CD2B01E98C000B93F3 /* XCRemoteSwiftPackageReference "Toast-Swift" */ = {
			isa = XCRemoteSwiftPackageReference;
			repositoryURL = "https://github.com/scalessec/Toast-Swift";
			requirement = {
				kind = upToNextMajorVersion;
				minimumVersion = 5.0.1;
			};
		};
		C0B07F252B10DD3000350ECC /* XCRemoteSwiftPackageReference "IQKeyboardManager" */ = {
			isa = XCRemoteSwiftPackageReference;
			repositoryURL = "https://github.com/hackiftekhar/IQKeyboardManager.git";
			requirement = {
				kind = upToNextMajorVersion;
				minimumVersion = 6.5.16;
			};
		};
		C0F5AAE52B1AD99200B3D102 /* XCRemoteSwiftPackageReference "RxGesture" */ = {
			isa = XCRemoteSwiftPackageReference;
			repositoryURL = "https://github.com/RxSwiftCommunity/RxGesture";
			requirement = {
				kind = upToNextMajorVersion;
				minimumVersion = 4.0.4;
			};
		};
/* End XCRemoteSwiftPackageReference section */

/* Begin XCSwiftPackageProductDependency section */
		C02C06D82B0751A800E9AB93 /* Then */ = {
			isa = XCSwiftPackageProductDependency;
			package = C02C06D72B0751A800E9AB93 /* XCRemoteSwiftPackageReference "Then" */;
			productName = Then;
		};
		C07FA7B92B01E642000B93F3 /* RxCocoa */ = {
			isa = XCSwiftPackageProductDependency;
			package = C07FA7B82B01E642000B93F3 /* XCRemoteSwiftPackageReference "RxSwift" */;
			productName = RxCocoa;
		};
		C07FA7BB2B01E642000B93F3 /* RxSwift */ = {
			isa = XCSwiftPackageProductDependency;
			package = C07FA7B82B01E642000B93F3 /* XCRemoteSwiftPackageReference "RxSwift" */;
			productName = RxSwift;
		};
		C07FA7BE2B01E6FB000B93F3 /* Alamofire */ = {
			isa = XCSwiftPackageProductDependency;
			package = C07FA7BD2B01E6FB000B93F3 /* XCRemoteSwiftPackageReference "Alamofire" */;
			productName = Alamofire;
		};
		C07FA7C12B01E78E000B93F3 /* RxAlamofire */ = {
			isa = XCSwiftPackageProductDependency;
			package = C07FA7C02B01E78E000B93F3 /* XCRemoteSwiftPackageReference "RxAlamofire" */;
			productName = RxAlamofire;
		};
		C07FA7C42B01E7D2000B93F3 /* SnapKit */ = {
			isa = XCSwiftPackageProductDependency;
			package = C07FA7C32B01E7D2000B93F3 /* XCRemoteSwiftPackageReference "SnapKit" */;
			productName = SnapKit;
		};
		C07FA7CE2B01E98C000B93F3 /* Toast */ = {
			isa = XCSwiftPackageProductDependency;
			package = C07FA7CD2B01E98C000B93F3 /* XCRemoteSwiftPackageReference "Toast-Swift" */;
			productName = Toast;
		};
		C0B07F262B10DD3000350ECC /* IQKeyboardManagerSwift */ = {
			isa = XCSwiftPackageProductDependency;
			package = C0B07F252B10DD3000350ECC /* XCRemoteSwiftPackageReference "IQKeyboardManager" */;
			productName = IQKeyboardManagerSwift;
		};
		C0F5AAE62B1AD99200B3D102 /* RxGesture */ = {
			isa = XCSwiftPackageProductDependency;
			package = C0F5AAE52B1AD99200B3D102 /* XCRemoteSwiftPackageReference "RxGesture" */;
			productName = RxGesture;
		};
/* End XCSwiftPackageProductDependency section */
	};
	rootObject = C07FA7922B01E43C000B93F3 /* Project object */;
}
