// !$*UTF8*$!
{
	archiveVersion = 1;
	classes = {
	};
	objectVersion = 56;
	objects = {

/* Begin PBXBuildFile section */
		C01A42B02B02888400317956 /* Network.swift in Sources */ = {isa = PBXBuildFile; fileRef = C01A42AF2B02888400317956 /* Network.swift */; };
		C01A42B22B02893100317956 /* UserAPI.swift in Sources */ = {isa = PBXBuildFile; fileRef = C01A42B12B02893100317956 /* UserAPI.swift */; };
		C01A42B62B028E2200317956 /* UserRepository.swift in Sources */ = {isa = PBXBuildFile; fileRef = C01A42B52B028E2200317956 /* UserRepository.swift */; };
		C07FA79E2B01E43C000B93F3 /* AppDelegate.swift in Sources */ = {isa = PBXBuildFile; fileRef = C07FA79D2B01E43C000B93F3 /* AppDelegate.swift */; };
		C07FA7A02B01E43C000B93F3 /* SceneDelegate.swift in Sources */ = {isa = PBXBuildFile; fileRef = C07FA79F2B01E43C000B93F3 /* SceneDelegate.swift */; };
		C07FA7A72B01E43D000B93F3 /* Assets.xcassets in Resources */ = {isa = PBXBuildFile; fileRef = C07FA7A62B01E43D000B93F3 /* Assets.xcassets */; };
		C07FA7AA2B01E43D000B93F3 /* LaunchScreen.storyboard in Resources */ = {isa = PBXBuildFile; fileRef = C07FA7A82B01E43D000B93F3 /* LaunchScreen.storyboard */; };
		C07FA7B32B01E525000B93F3 /* LoginVC.swift in Sources */ = {isa = PBXBuildFile; fileRef = C07FA7B22B01E525000B93F3 /* LoginVC.swift */; };
		C07FA7BA2B01E642000B93F3 /* RxCocoa in Frameworks */ = {isa = PBXBuildFile; productRef = C07FA7B92B01E642000B93F3 /* RxCocoa */; };
		C07FA7BC2B01E642000B93F3 /* RxSwift in Frameworks */ = {isa = PBXBuildFile; productRef = C07FA7BB2B01E642000B93F3 /* RxSwift */; };
		C07FA7BF2B01E6FB000B93F3 /* Alamofire in Frameworks */ = {isa = PBXBuildFile; productRef = C07FA7BE2B01E6FB000B93F3 /* Alamofire */; };
		C07FA7C22B01E78E000B93F3 /* RxAlamofire in Frameworks */ = {isa = PBXBuildFile; productRef = C07FA7C12B01E78E000B93F3 /* RxAlamofire */; };
		C07FA7C52B01E7D2000B93F3 /* SnapKit in Frameworks */ = {isa = PBXBuildFile; productRef = C07FA7C42B01E7D2000B93F3 /* SnapKit */; };
		C07FA7C82B01E851000B93F3 /* Constant.swift in Sources */ = {isa = PBXBuildFile; fileRef = C07FA7C72B01E851000B93F3 /* Constant.swift */; };
		C07FA7CA2B01E8C0000B93F3 /* .gitignore in Resources */ = {isa = PBXBuildFile; fileRef = C07FA7C92B01E8C0000B93F3 /* .gitignore */; };
		C07FA7CC2B01E929000B93F3 /* APIManagement.swift in Sources */ = {isa = PBXBuildFile; fileRef = C07FA7CB2B01E929000B93F3 /* APIManagement.swift */; };
		C07FA7CF2B01E98C000B93F3 /* Toast in Frameworks */ = {isa = PBXBuildFile; productRef = C07FA7CE2B01E98C000B93F3 /* Toast */; };
		C07FA7D22B01E9C3000B93F3 /* RequestJoinModel.swift in Sources */ = {isa = PBXBuildFile; fileRef = C07FA7D12B01E9C3000B93F3 /* RequestJoinModel.swift */; };
		C07FA7D52B01EA14000B93F3 /* ResponseJoinModel.swift in Sources */ = {isa = PBXBuildFile; fileRef = C07FA7D42B01EA14000B93F3 /* ResponseJoinModel.swift */; };
		C07FA7D72B01FB51000B93F3 /* Router.swift in Sources */ = {isa = PBXBuildFile; fileRef = C07FA7D62B01FB51000B93F3 /* Router.swift */; };
		C07FA7D92B01FBB6000B93F3 /* Encodable+Extension.swift in Sources */ = {isa = PBXBuildFile; fileRef = C07FA7D82B01FBB6000B93F3 /* Encodable+Extension.swift */; };
		C07FA7DD2B020ED2000B93F3 /* RequestRefreshTokenModel.swift in Sources */ = {isa = PBXBuildFile; fileRef = C07FA7DC2B020ED2000B93F3 /* RequestRefreshTokenModel.swift */; };
		C07FA7DF2B021241000B93F3 /* RequestContentModel.swift in Sources */ = {isa = PBXBuildFile; fileRef = C07FA7DE2B021241000B93F3 /* RequestContentModel.swift */; };
		C07FA7E12B0212E4000B93F3 /* ResponseContentModel.swift in Sources */ = {isa = PBXBuildFile; fileRef = C07FA7E02B0212E4000B93F3 /* ResponseContentModel.swift */; };
		C07FA7E32B0213C7000B93F3 /* RequestLoginModel.swift in Sources */ = {isa = PBXBuildFile; fileRef = C07FA7E22B0213C7000B93F3 /* RequestLoginModel.swift */; };
		C07FA7E52B021548000B93F3 /* ResponseLoginModel.swift in Sources */ = {isa = PBXBuildFile; fileRef = C07FA7E42B021548000B93F3 /* ResponseLoginModel.swift */; };
		C07FA7E72B02159B000B93F3 /* ResponseRefreshTokenModel.swift in Sources */ = {isa = PBXBuildFile; fileRef = C07FA7E62B02159B000B93F3 /* ResponseRefreshTokenModel.swift */; };
		C07FA7E92B027169000B93F3 /* Observable+Extension.swift in Sources */ = {isa = PBXBuildFile; fileRef = C07FA7E82B027169000B93F3 /* Observable+Extension.swift */; };
		C0DAE9212B038E5D0067279A /* ResponseAPIError.swift in Sources */ = {isa = PBXBuildFile; fileRef = C0DAE9202B038E5D0067279A /* ResponseAPIError.swift */; };
		C0DAE9342B0503F40067279A /* TokenAPI.swift in Sources */ = {isa = PBXBuildFile; fileRef = C0DAE9332B0503F40067279A /* TokenAPI.swift */; };
		C0DAE9382B0512E70067279A /* TokenRepository.swift in Sources */ = {isa = PBXBuildFile; fileRef = C0DAE9372B0512E70067279A /* TokenRepository.swift */; };
		C0DAE93A2B0521900067279A /* NetworkErrorType.swift in Sources */ = {isa = PBXBuildFile; fileRef = C0DAE9392B0521900067279A /* NetworkErrorType.swift */; };
/* End PBXBuildFile section */

/* Begin PBXFileReference section */
		C01A42AF2B02888400317956 /* Network.swift */ = {isa = PBXFileReference; lastKnownFileType = sourcecode.swift; path = Network.swift; sourceTree = "<group>"; };
		C01A42B12B02893100317956 /* UserAPI.swift */ = {isa = PBXFileReference; lastKnownFileType = sourcecode.swift; path = UserAPI.swift; sourceTree = "<group>"; };
		C01A42B52B028E2200317956 /* UserRepository.swift */ = {isa = PBXFileReference; lastKnownFileType = sourcecode.swift; path = UserRepository.swift; sourceTree = "<group>"; };
		C07FA79A2B01E43C000B93F3 /* LifeFlow.app */ = {isa = PBXFileReference; explicitFileType = wrapper.application; includeInIndex = 0; path = LifeFlow.app; sourceTree = BUILT_PRODUCTS_DIR; };
		C07FA79D2B01E43C000B93F3 /* AppDelegate.swift */ = {isa = PBXFileReference; lastKnownFileType = sourcecode.swift; path = AppDelegate.swift; sourceTree = "<group>"; };
		C07FA79F2B01E43C000B93F3 /* SceneDelegate.swift */ = {isa = PBXFileReference; lastKnownFileType = sourcecode.swift; path = SceneDelegate.swift; sourceTree = "<group>"; };
		C07FA7A62B01E43D000B93F3 /* Assets.xcassets */ = {isa = PBXFileReference; lastKnownFileType = folder.assetcatalog; path = Assets.xcassets; sourceTree = "<group>"; };
		C07FA7A92B01E43D000B93F3 /* Base */ = {isa = PBXFileReference; lastKnownFileType = file.storyboard; name = Base; path = Base.lproj/LaunchScreen.storyboard; sourceTree = "<group>"; };
		C07FA7AB2B01E43D000B93F3 /* Info.plist */ = {isa = PBXFileReference; lastKnownFileType = text.plist.xml; path = Info.plist; sourceTree = "<group>"; };
		C07FA7B22B01E525000B93F3 /* LoginVC.swift */ = {isa = PBXFileReference; lastKnownFileType = sourcecode.swift; path = LoginVC.swift; sourceTree = "<group>"; };
		C07FA7C72B01E851000B93F3 /* Constant.swift */ = {isa = PBXFileReference; lastKnownFileType = sourcecode.swift; path = Constant.swift; sourceTree = "<group>"; };
		C07FA7C92B01E8C0000B93F3 /* .gitignore */ = {isa = PBXFileReference; lastKnownFileType = text; path = .gitignore; sourceTree = "<group>"; };
		C07FA7CB2B01E929000B93F3 /* APIManagement.swift */ = {isa = PBXFileReference; lastKnownFileType = sourcecode.swift; path = APIManagement.swift; sourceTree = "<group>"; };
		C07FA7D12B01E9C3000B93F3 /* RequestJoinModel.swift */ = {isa = PBXFileReference; lastKnownFileType = sourcecode.swift; path = RequestJoinModel.swift; sourceTree = "<group>"; };
		C07FA7D42B01EA14000B93F3 /* ResponseJoinModel.swift */ = {isa = PBXFileReference; lastKnownFileType = sourcecode.swift; path = ResponseJoinModel.swift; sourceTree = "<group>"; };
		C07FA7D62B01FB51000B93F3 /* Router.swift */ = {isa = PBXFileReference; lastKnownFileType = sourcecode.swift; path = Router.swift; sourceTree = "<group>"; };
		C07FA7D82B01FBB6000B93F3 /* Encodable+Extension.swift */ = {isa = PBXFileReference; lastKnownFileType = sourcecode.swift; path = "Encodable+Extension.swift"; sourceTree = "<group>"; };
		C07FA7DC2B020ED2000B93F3 /* RequestRefreshTokenModel.swift */ = {isa = PBXFileReference; lastKnownFileType = sourcecode.swift; path = RequestRefreshTokenModel.swift; sourceTree = "<group>"; };
		C07FA7DE2B021241000B93F3 /* RequestContentModel.swift */ = {isa = PBXFileReference; lastKnownFileType = sourcecode.swift; path = RequestContentModel.swift; sourceTree = "<group>"; };
		C07FA7E02B0212E4000B93F3 /* ResponseContentModel.swift */ = {isa = PBXFileReference; lastKnownFileType = sourcecode.swift; path = ResponseContentModel.swift; sourceTree = "<group>"; };
		C07FA7E22B0213C7000B93F3 /* RequestLoginModel.swift */ = {isa = PBXFileReference; lastKnownFileType = sourcecode.swift; path = RequestLoginModel.swift; sourceTree = "<group>"; };
		C07FA7E42B021548000B93F3 /* ResponseLoginModel.swift */ = {isa = PBXFileReference; lastKnownFileType = sourcecode.swift; path = ResponseLoginModel.swift; sourceTree = "<group>"; };
		C07FA7E62B02159B000B93F3 /* ResponseRefreshTokenModel.swift */ = {isa = PBXFileReference; lastKnownFileType = sourcecode.swift; path = ResponseRefreshTokenModel.swift; sourceTree = "<group>"; };
		C07FA7E82B027169000B93F3 /* Observable+Extension.swift */ = {isa = PBXFileReference; lastKnownFileType = sourcecode.swift; path = "Observable+Extension.swift"; sourceTree = "<group>"; };
		C0DAE9202B038E5D0067279A /* ResponseAPIError.swift */ = {isa = PBXFileReference; lastKnownFileType = sourcecode.swift; path = ResponseAPIError.swift; sourceTree = "<group>"; };
		C0DAE9332B0503F40067279A /* TokenAPI.swift */ = {isa = PBXFileReference; lastKnownFileType = sourcecode.swift; path = TokenAPI.swift; sourceTree = "<group>"; };
		C0DAE9372B0512E70067279A /* TokenRepository.swift */ = {isa = PBXFileReference; lastKnownFileType = sourcecode.swift; path = TokenRepository.swift; sourceTree = "<group>"; };
		C0DAE9392B0521900067279A /* NetworkErrorType.swift */ = {isa = PBXFileReference; lastKnownFileType = sourcecode.swift; path = NetworkErrorType.swift; sourceTree = "<group>"; };
/* End PBXFileReference section */

/* Begin PBXFrameworksBuildPhase section */
		C07FA7972B01E43C000B93F3 /* Frameworks */ = {
			isa = PBXFrameworksBuildPhase;
			buildActionMask = 2147483647;
			files = (
				C07FA7CF2B01E98C000B93F3 /* Toast in Frameworks */,
				C07FA7BF2B01E6FB000B93F3 /* Alamofire in Frameworks */,
				C07FA7C22B01E78E000B93F3 /* RxAlamofire in Frameworks */,
				C07FA7BC2B01E642000B93F3 /* RxSwift in Frameworks */,
				C07FA7BA2B01E642000B93F3 /* RxCocoa in Frameworks */,
				C07FA7C52B01E7D2000B93F3 /* SnapKit in Frameworks */,
			);
			runOnlyForDeploymentPostprocessing = 0;
		};
/* End PBXFrameworksBuildPhase section */

/* Begin PBXGroup section */
		C01A42B32B028D8A00317956 /* API */ = {
			isa = PBXGroup;
			children = (
				C01A42B12B02893100317956 /* UserAPI.swift */,
				C0DAE9332B0503F40067279A /* TokenAPI.swift */,
			);
			path = API;
			sourceTree = "<group>";
		};
		C01A42B42B028E1900317956 /* Repository */ = {
			isa = PBXGroup;
			children = (
				C01A42B52B028E2200317956 /* UserRepository.swift */,
				C0DAE9372B0512E70067279A /* TokenRepository.swift */,
			);
			path = Repository;
			sourceTree = "<group>";
		};
		C07FA7912B01E43C000B93F3 = {
			isa = PBXGroup;
			children = (
				C07FA79C2B01E43C000B93F3 /* LifeFlow */,
				C07FA79B2B01E43C000B93F3 /* Products */,
			);
			sourceTree = "<group>";
		};
		C07FA79B2B01E43C000B93F3 /* Products */ = {
			isa = PBXGroup;
			children = (
				C07FA79A2B01E43C000B93F3 /* LifeFlow.app */,
			);
			name = Products;
			sourceTree = "<group>";
		};
		C07FA79C2B01E43C000B93F3 /* LifeFlow */ = {
			isa = PBXGroup;
			children = (
				C07FA7C92B01E8C0000B93F3 /* .gitignore */,
				C07FA7AB2B01E43D000B93F3 /* Info.plist */,
				C07FA79D2B01E43C000B93F3 /* AppDelegate.swift */,
				C07FA79F2B01E43C000B93F3 /* SceneDelegate.swift */,
				C07FA7A62B01E43D000B93F3 /* Assets.xcassets */,
				C07FA7B62B01E558000B93F3 /* Extension */,
				C07FA7A82B01E43D000B93F3 /* LaunchScreen.storyboard */,
				C07FA7B42B01E547000B93F3 /* Model */,
				C07FA7B52B01E550000B93F3 /* Network */,
				C07FA7C62B01E83C000B93F3 /* Utils */,
				C07FA7B12B01E508000B93F3 /* View */,
			);
			path = LifeFlow;
			sourceTree = "<group>";
		};
		C07FA7B12B01E508000B93F3 /* View */ = {
			isa = PBXGroup;
			children = (
				C07FA7B22B01E525000B93F3 /* LoginVC.swift */,
			);
			path = View;
			sourceTree = "<group>";
		};
		C07FA7B42B01E547000B93F3 /* Model */ = {
			isa = PBXGroup;
			children = (
				C0DAE93E2B0531280067279A /* Entity */,
				C0DAE93D2B0531220067279A /* DTO */,
				C07FA7D02B01E9A3000B93F3 /* Request */,
				C07FA7D32B01E9FE000B93F3 /* Response */,
				C0DAE9202B038E5D0067279A /* ResponseAPIError.swift */,
			);
			path = Model;
			sourceTree = "<group>";
		};
		C07FA7B52B01E550000B93F3 /* Network */ = {
			isa = PBXGroup;
			children = (
				C07FA7CB2B01E929000B93F3 /* APIManagement.swift */,
				C01A42AF2B02888400317956 /* Network.swift */,
				C0DAE9392B0521900067279A /* NetworkErrorType.swift */,
				C07FA7D62B01FB51000B93F3 /* Router.swift */,
				C01A42B32B028D8A00317956 /* API */,
				C01A42B42B028E1900317956 /* Repository */,
			);
			path = Network;
			sourceTree = "<group>";
		};
		C07FA7B62B01E558000B93F3 /* Extension */ = {
			isa = PBXGroup;
			children = (
				C07FA7D82B01FBB6000B93F3 /* Encodable+Extension.swift */,
				C07FA7E82B027169000B93F3 /* Observable+Extension.swift */,
			);
			path = Extension;
			sourceTree = "<group>";
		};
		C07FA7C62B01E83C000B93F3 /* Utils */ = {
			isa = PBXGroup;
			children = (
				C07FA7C72B01E851000B93F3 /* Constant.swift */,
			);
			path = Utils;
			sourceTree = "<group>";
		};
		C07FA7D02B01E9A3000B93F3 /* Request */ = {
			isa = PBXGroup;
			children = (
				C07FA7DE2B021241000B93F3 /* RequestContentModel.swift */,
				C07FA7D12B01E9C3000B93F3 /* RequestJoinModel.swift */,
				C07FA7E22B0213C7000B93F3 /* RequestLoginModel.swift */,
				C07FA7DC2B020ED2000B93F3 /* RequestRefreshTokenModel.swift */,
			);
			path = Request;
			sourceTree = "<group>";
		};
		C07FA7D32B01E9FE000B93F3 /* Response */ = {
			isa = PBXGroup;
			children = (
				C07FA7E02B0212E4000B93F3 /* ResponseContentModel.swift */,
				C07FA7D42B01EA14000B93F3 /* ResponseJoinModel.swift */,
				C07FA7E42B021548000B93F3 /* ResponseLoginModel.swift */,
				C07FA7E62B02159B000B93F3 /* ResponseRefreshTokenModel.swift */,
			);
			path = Response;
			sourceTree = "<group>";
		};
		C0DAE93D2B0531220067279A /* DTO */ = {
			isa = PBXGroup;
			children = (
				C0DAE93F2B05313A0067279A /* Token */,
			);
			path = DTO;
			sourceTree = "<group>";
		};
		C0DAE93E2B0531280067279A /* Entity */ = {
			isa = PBXGroup;
			children = (
			);
			path = Entity;
			sourceTree = "<group>";
		};
		C0DAE93F2B05313A0067279A /* Token */ = {
			isa = PBXGroup;
			children = (
			);
			path = Token;
			sourceTree = "<group>";
		};
/* End PBXGroup section */

/* Begin PBXNativeTarget section */
		C07FA7992B01E43C000B93F3 /* LifeFlow */ = {
			isa = PBXNativeTarget;
			buildConfigurationList = C07FA7AE2B01E43D000B93F3 /* Build configuration list for PBXNativeTarget "LifeFlow" */;
			buildPhases = (
				C07FA7962B01E43C000B93F3 /* Sources */,
				C07FA7972B01E43C000B93F3 /* Frameworks */,
				C07FA7982B01E43C000B93F3 /* Resources */,
			);
			buildRules = (
			);
			dependencies = (
			);
			name = LifeFlow;
			packageProductDependencies = (
				C07FA7B92B01E642000B93F3 /* RxCocoa */,
				C07FA7BB2B01E642000B93F3 /* RxSwift */,
				C07FA7BE2B01E6FB000B93F3 /* Alamofire */,
				C07FA7C12B01E78E000B93F3 /* RxAlamofire */,
				C07FA7C42B01E7D2000B93F3 /* SnapKit */,
				C07FA7CE2B01E98C000B93F3 /* Toast */,
			);
			productName = LifeFlow;
			productReference = C07FA79A2B01E43C000B93F3 /* LifeFlow.app */;
			productType = "com.apple.product-type.application";
		};
/* End PBXNativeTarget section */

/* Begin PBXProject section */
		C07FA7922B01E43C000B93F3 /* Project object */ = {
			isa = PBXProject;
			attributes = {
				BuildIndependentTargetsInParallel = 1;
				LastSwiftUpdateCheck = 1500;
				LastUpgradeCheck = 1500;
				TargetAttributes = {
					C07FA7992B01E43C000B93F3 = {
						CreatedOnToolsVersion = 15.0;
					};
				};
			};
			buildConfigurationList = C07FA7952B01E43C000B93F3 /* Build configuration list for PBXProject "LifeFlow" */;
			compatibilityVersion = "Xcode 14.0";
			developmentRegion = en;
			hasScannedForEncodings = 0;
			knownRegions = (
				en,
				Base,
			);
			mainGroup = C07FA7912B01E43C000B93F3;
			packageReferences = (
				C07FA7B82B01E642000B93F3 /* XCRemoteSwiftPackageReference "RxSwift" */,
				C07FA7BD2B01E6FB000B93F3 /* XCRemoteSwiftPackageReference "Alamofire" */,
				C07FA7C02B01E78E000B93F3 /* XCRemoteSwiftPackageReference "RxAlamofire" */,
				C07FA7C32B01E7D2000B93F3 /* XCRemoteSwiftPackageReference "SnapKit" */,
				C07FA7CD2B01E98C000B93F3 /* XCRemoteSwiftPackageReference "Toast-Swift" */,
			);
			productRefGroup = C07FA79B2B01E43C000B93F3 /* Products */;
			projectDirPath = "";
			projectRoot = "";
			targets = (
				C07FA7992B01E43C000B93F3 /* LifeFlow */,
			);
		};
/* End PBXProject section */

/* Begin PBXResourcesBuildPhase section */
		C07FA7982B01E43C000B93F3 /* Resources */ = {
			isa = PBXResourcesBuildPhase;
			buildActionMask = 2147483647;
			files = (
				C07FA7AA2B01E43D000B93F3 /* LaunchScreen.storyboard in Resources */,
				C07FA7CA2B01E8C0000B93F3 /* .gitignore in Resources */,
				C07FA7A72B01E43D000B93F3 /* Assets.xcassets in Resources */,
			);
			runOnlyForDeploymentPostprocessing = 0;
		};
/* End PBXResourcesBuildPhase section */

/* Begin PBXSourcesBuildPhase section */
		C07FA7962B01E43C000B93F3 /* Sources */ = {
			isa = PBXSourcesBuildPhase;
			buildActionMask = 2147483647;
			files = (
				C07FA7E52B021548000B93F3 /* ResponseLoginModel.swift in Sources */,
				C0DAE93A2B0521900067279A /* NetworkErrorType.swift in Sources */,
				C0DAE9212B038E5D0067279A /* ResponseAPIError.swift in Sources */,
				C07FA7D72B01FB51000B93F3 /* Router.swift in Sources */,
				C07FA7E92B027169000B93F3 /* Observable+Extension.swift in Sources */,
				C0DAE9342B0503F40067279A /* TokenAPI.swift in Sources */,
				C07FA7D92B01FBB6000B93F3 /* Encodable+Extension.swift in Sources */,
				C07FA7D52B01EA14000B93F3 /* ResponseJoinModel.swift in Sources */,
				C07FA7E32B0213C7000B93F3 /* RequestLoginModel.swift in Sources */,
				C07FA79E2B01E43C000B93F3 /* AppDelegate.swift in Sources */,
				C0DAE9382B0512E70067279A /* TokenRepository.swift in Sources */,
				C07FA7A02B01E43C000B93F3 /* SceneDelegate.swift in Sources */,
				C07FA7CC2B01E929000B93F3 /* APIManagement.swift in Sources */,
				C07FA7B32B01E525000B93F3 /* LoginVC.swift in Sources */,
				C01A42B02B02888400317956 /* Network.swift in Sources */,
				C07FA7C82B01E851000B93F3 /* Constant.swift in Sources */,
				C07FA7E72B02159B000B93F3 /* ResponseRefreshTokenModel.swift in Sources */,
				C07FA7E12B0212E4000B93F3 /* ResponseContentModel.swift in Sources */,
				C07FA7DF2B021241000B93F3 /* RequestContentModel.swift in Sources */,
				C07FA7D22B01E9C3000B93F3 /* RequestJoinModel.swift in Sources */,
				C07FA7DD2B020ED2000B93F3 /* RequestRefreshTokenModel.swift in Sources */,
				C01A42B62B028E2200317956 /* UserRepository.swift in Sources */,
				C01A42B22B02893100317956 /* UserAPI.swift in Sources */,
			);
			runOnlyForDeploymentPostprocessing = 0;
		};
/* End PBXSourcesBuildPhase section */

/* Begin PBXVariantGroup section */
		C07FA7A82B01E43D000B93F3 /* LaunchScreen.storyboard */ = {
			isa = PBXVariantGroup;
			children = (
				C07FA7A92B01E43D000B93F3 /* Base */,
			);
			name = LaunchScreen.storyboard;
			sourceTree = "<group>";
		};
/* End PBXVariantGroup section */

/* Begin XCBuildConfiguration section */
		C07FA7AC2B01E43D000B93F3 /* Debug */ = {
			isa = XCBuildConfiguration;
			buildSettings = {
				ALWAYS_SEARCH_USER_PATHS = NO;
				ASSETCATALOG_COMPILER_GENERATE_SWIFT_ASSET_SYMBOL_EXTENSIONS = YES;
				CLANG_ANALYZER_NONNULL = YES;
				CLANG_ANALYZER_NUMBER_OBJECT_CONVERSION = YES_AGGRESSIVE;
				CLANG_CXX_LANGUAGE_STANDARD = "gnu++20";
				CLANG_ENABLE_MODULES = YES;
				CLANG_ENABLE_OBJC_ARC = YES;
				CLANG_ENABLE_OBJC_WEAK = YES;
				CLANG_WARN_BLOCK_CAPTURE_AUTORELEASING = YES;
				CLANG_WARN_BOOL_CONVERSION = YES;
				CLANG_WARN_COMMA = YES;
				CLANG_WARN_CONSTANT_CONVERSION = YES;
				CLANG_WARN_DEPRECATED_OBJC_IMPLEMENTATIONS = YES;
				CLANG_WARN_DIRECT_OBJC_ISA_USAGE = YES_ERROR;
				CLANG_WARN_DOCUMENTATION_COMMENTS = YES;
				CLANG_WARN_EMPTY_BODY = YES;
				CLANG_WARN_ENUM_CONVERSION = YES;
				CLANG_WARN_INFINITE_RECURSION = YES;
				CLANG_WARN_INT_CONVERSION = YES;
				CLANG_WARN_NON_LITERAL_NULL_CONVERSION = YES;
				CLANG_WARN_OBJC_IMPLICIT_RETAIN_SELF = YES;
				CLANG_WARN_OBJC_LITERAL_CONVERSION = YES;
				CLANG_WARN_OBJC_ROOT_CLASS = YES_ERROR;
				CLANG_WARN_QUOTED_INCLUDE_IN_FRAMEWORK_HEADER = YES;
				CLANG_WARN_RANGE_LOOP_ANALYSIS = YES;
				CLANG_WARN_STRICT_PROTOTYPES = YES;
				CLANG_WARN_SUSPICIOUS_MOVE = YES;
				CLANG_WARN_UNGUARDED_AVAILABILITY = YES_AGGRESSIVE;
				CLANG_WARN_UNREACHABLE_CODE = YES;
				CLANG_WARN__DUPLICATE_METHOD_MATCH = YES;
				COPY_PHASE_STRIP = NO;
				DEBUG_INFORMATION_FORMAT = dwarf;
				ENABLE_STRICT_OBJC_MSGSEND = YES;
				ENABLE_TESTABILITY = YES;
				ENABLE_USER_SCRIPT_SANDBOXING = YES;
				GCC_C_LANGUAGE_STANDARD = gnu17;
				GCC_DYNAMIC_NO_PIC = NO;
				GCC_NO_COMMON_BLOCKS = YES;
				GCC_OPTIMIZATION_LEVEL = 0;
				GCC_PREPROCESSOR_DEFINITIONS = (
					"DEBUG=1",
					"$(inherited)",
				);
				GCC_WARN_64_TO_32_BIT_CONVERSION = YES;
				GCC_WARN_ABOUT_RETURN_TYPE = YES_ERROR;
				GCC_WARN_UNDECLARED_SELECTOR = YES;
				GCC_WARN_UNINITIALIZED_AUTOS = YES_AGGRESSIVE;
				GCC_WARN_UNUSED_FUNCTION = YES;
				GCC_WARN_UNUSED_VARIABLE = YES;
				IPHONEOS_DEPLOYMENT_TARGET = 17.0;
				LOCALIZATION_PREFERS_STRING_CATALOGS = YES;
				MTL_ENABLE_DEBUG_INFO = INCLUDE_SOURCE;
				MTL_FAST_MATH = YES;
				ONLY_ACTIVE_ARCH = YES;
				SDKROOT = iphoneos;
				SWIFT_ACTIVE_COMPILATION_CONDITIONS = "DEBUG $(inherited)";
				SWIFT_OPTIMIZATION_LEVEL = "-Onone";
			};
			name = Debug;
		};
		C07FA7AD2B01E43D000B93F3 /* Release */ = {
			isa = XCBuildConfiguration;
			buildSettings = {
				ALWAYS_SEARCH_USER_PATHS = NO;
				ASSETCATALOG_COMPILER_GENERATE_SWIFT_ASSET_SYMBOL_EXTENSIONS = YES;
				CLANG_ANALYZER_NONNULL = YES;
				CLANG_ANALYZER_NUMBER_OBJECT_CONVERSION = YES_AGGRESSIVE;
				CLANG_CXX_LANGUAGE_STANDARD = "gnu++20";
				CLANG_ENABLE_MODULES = YES;
				CLANG_ENABLE_OBJC_ARC = YES;
				CLANG_ENABLE_OBJC_WEAK = YES;
				CLANG_WARN_BLOCK_CAPTURE_AUTORELEASING = YES;
				CLANG_WARN_BOOL_CONVERSION = YES;
				CLANG_WARN_COMMA = YES;
				CLANG_WARN_CONSTANT_CONVERSION = YES;
				CLANG_WARN_DEPRECATED_OBJC_IMPLEMENTATIONS = YES;
				CLANG_WARN_DIRECT_OBJC_ISA_USAGE = YES_ERROR;
				CLANG_WARN_DOCUMENTATION_COMMENTS = YES;
				CLANG_WARN_EMPTY_BODY = YES;
				CLANG_WARN_ENUM_CONVERSION = YES;
				CLANG_WARN_INFINITE_RECURSION = YES;
				CLANG_WARN_INT_CONVERSION = YES;
				CLANG_WARN_NON_LITERAL_NULL_CONVERSION = YES;
				CLANG_WARN_OBJC_IMPLICIT_RETAIN_SELF = YES;
				CLANG_WARN_OBJC_LITERAL_CONVERSION = YES;
				CLANG_WARN_OBJC_ROOT_CLASS = YES_ERROR;
				CLANG_WARN_QUOTED_INCLUDE_IN_FRAMEWORK_HEADER = YES;
				CLANG_WARN_RANGE_LOOP_ANALYSIS = YES;
				CLANG_WARN_STRICT_PROTOTYPES = YES;
				CLANG_WARN_SUSPICIOUS_MOVE = YES;
				CLANG_WARN_UNGUARDED_AVAILABILITY = YES_AGGRESSIVE;
				CLANG_WARN_UNREACHABLE_CODE = YES;
				CLANG_WARN__DUPLICATE_METHOD_MATCH = YES;
				COPY_PHASE_STRIP = NO;
				DEBUG_INFORMATION_FORMAT = "dwarf-with-dsym";
				ENABLE_NS_ASSERTIONS = NO;
				ENABLE_STRICT_OBJC_MSGSEND = YES;
				ENABLE_USER_SCRIPT_SANDBOXING = YES;
				GCC_C_LANGUAGE_STANDARD = gnu17;
				GCC_NO_COMMON_BLOCKS = YES;
				GCC_WARN_64_TO_32_BIT_CONVERSION = YES;
				GCC_WARN_ABOUT_RETURN_TYPE = YES_ERROR;
				GCC_WARN_UNDECLARED_SELECTOR = YES;
				GCC_WARN_UNINITIALIZED_AUTOS = YES_AGGRESSIVE;
				GCC_WARN_UNUSED_FUNCTION = YES;
				GCC_WARN_UNUSED_VARIABLE = YES;
				IPHONEOS_DEPLOYMENT_TARGET = 17.0;
				LOCALIZATION_PREFERS_STRING_CATALOGS = YES;
				MTL_ENABLE_DEBUG_INFO = NO;
				MTL_FAST_MATH = YES;
				SDKROOT = iphoneos;
				SWIFT_COMPILATION_MODE = wholemodule;
				VALIDATE_PRODUCT = YES;
			};
			name = Release;
		};
		C07FA7AF2B01E43D000B93F3 /* Debug */ = {
			isa = XCBuildConfiguration;
			buildSettings = {
				ASSETCATALOG_COMPILER_APPICON_NAME = AppIcon;
				ASSETCATALOG_COMPILER_GLOBAL_ACCENT_COLOR_NAME = AccentColor;
				CODE_SIGN_STYLE = Automatic;
				CURRENT_PROJECT_VERSION = 1;
				DEVELOPMENT_TEAM = SV3K237PCX;
				GENERATE_INFOPLIST_FILE = YES;
				INFOPLIST_FILE = LifeFlow/Info.plist;
				INFOPLIST_KEY_UIApplicationSupportsIndirectInputEvents = YES;
				INFOPLIST_KEY_UILaunchStoryboardName = LaunchScreen;
				INFOPLIST_KEY_UISupportedInterfaceOrientations = UIInterfaceOrientationPortrait;
				INFOPLIST_KEY_UISupportedInterfaceOrientations_iPad = "UIInterfaceOrientationLandscapeLeft UIInterfaceOrientationLandscapeRight UIInterfaceOrientationPortrait UIInterfaceOrientationPortraitUpsideDown";
				LD_RUNPATH_SEARCH_PATHS = (
					"$(inherited)",
					"@executable_path/Frameworks",
				);
				MARKETING_VERSION = 1.0;
				PRODUCT_BUNDLE_IDENTIFIER = com.comet.LifeFlow;
				PRODUCT_NAME = "$(TARGET_NAME)";
				SUPPORTED_PLATFORMS = "iphoneos iphonesimulator";
				SUPPORTS_MACCATALYST = NO;
				SUPPORTS_MAC_DESIGNED_FOR_IPHONE_IPAD = NO;
				SWIFT_EMIT_LOC_STRINGS = YES;
				SWIFT_VERSION = 5.0;
				TARGETED_DEVICE_FAMILY = 1;
			};
			name = Debug;
		};
		C07FA7B02B01E43D000B93F3 /* Release */ = {
			isa = XCBuildConfiguration;
			buildSettings = {
				ASSETCATALOG_COMPILER_APPICON_NAME = AppIcon;
				ASSETCATALOG_COMPILER_GLOBAL_ACCENT_COLOR_NAME = AccentColor;
				CODE_SIGN_STYLE = Automatic;
				CURRENT_PROJECT_VERSION = 1;
				DEVELOPMENT_TEAM = SV3K237PCX;
				GENERATE_INFOPLIST_FILE = YES;
				INFOPLIST_FILE = LifeFlow/Info.plist;
				INFOPLIST_KEY_UIApplicationSupportsIndirectInputEvents = YES;
				INFOPLIST_KEY_UILaunchStoryboardName = LaunchScreen;
				INFOPLIST_KEY_UISupportedInterfaceOrientations = UIInterfaceOrientationPortrait;
				INFOPLIST_KEY_UISupportedInterfaceOrientations_iPad = "UIInterfaceOrientationLandscapeLeft UIInterfaceOrientationLandscapeRight UIInterfaceOrientationPortrait UIInterfaceOrientationPortraitUpsideDown";
				LD_RUNPATH_SEARCH_PATHS = (
					"$(inherited)",
					"@executable_path/Frameworks",
				);
				MARKETING_VERSION = 1.0;
				PRODUCT_BUNDLE_IDENTIFIER = com.comet.LifeFlow;
				PRODUCT_NAME = "$(TARGET_NAME)";
				SUPPORTED_PLATFORMS = "iphoneos iphonesimulator";
				SUPPORTS_MACCATALYST = NO;
				SUPPORTS_MAC_DESIGNED_FOR_IPHONE_IPAD = NO;
				SWIFT_EMIT_LOC_STRINGS = YES;
				SWIFT_VERSION = 5.0;
				TARGETED_DEVICE_FAMILY = 1;
			};
			name = Release;
		};
/* End XCBuildConfiguration section */

/* Begin XCConfigurationList section */
		C07FA7952B01E43C000B93F3 /* Build configuration list for PBXProject "LifeFlow" */ = {
			isa = XCConfigurationList;
			buildConfigurations = (
				C07FA7AC2B01E43D000B93F3 /* Debug */,
				C07FA7AD2B01E43D000B93F3 /* Release */,
			);
			defaultConfigurationIsVisible = 0;
			defaultConfigurationName = Release;
		};
		C07FA7AE2B01E43D000B93F3 /* Build configuration list for PBXNativeTarget "LifeFlow" */ = {
			isa = XCConfigurationList;
			buildConfigurations = (
				C07FA7AF2B01E43D000B93F3 /* Debug */,
				C07FA7B02B01E43D000B93F3 /* Release */,
			);
			defaultConfigurationIsVisible = 0;
			defaultConfigurationName = Release;
		};
/* End XCConfigurationList section */

/* Begin XCRemoteSwiftPackageReference section */
		C07FA7B82B01E642000B93F3 /* XCRemoteSwiftPackageReference "RxSwift" */ = {
			isa = XCRemoteSwiftPackageReference;
			repositoryURL = "https://github.com/ReactiveX/RxSwift";
			requirement = {
				kind = upToNextMajorVersion;
				minimumVersion = 6.6.0;
			};
		};
		C07FA7BD2B01E6FB000B93F3 /* XCRemoteSwiftPackageReference "Alamofire" */ = {
			isa = XCRemoteSwiftPackageReference;
			repositoryURL = "https://github.com/Alamofire/Alamofire.git";
			requirement = {
				kind = upToNextMajorVersion;
				minimumVersion = 5.8.1;
			};
		};
		C07FA7C02B01E78E000B93F3 /* XCRemoteSwiftPackageReference "RxAlamofire" */ = {
			isa = XCRemoteSwiftPackageReference;
			repositoryURL = "https://github.com/RxSwiftCommunity/RxAlamofire.git";
			requirement = {
				kind = upToNextMajorVersion;
				minimumVersion = 6.0.0;
			};
		};
		C07FA7C32B01E7D2000B93F3 /* XCRemoteSwiftPackageReference "SnapKit" */ = {
			isa = XCRemoteSwiftPackageReference;
			repositoryURL = "https://github.com/SnapKit/SnapKit";
			requirement = {
				kind = upToNextMajorVersion;
				minimumVersion = 5.6.0;
			};
		};
		C07FA7CD2B01E98C000B93F3 /* XCRemoteSwiftPackageReference "Toast-Swift" */ = {
			isa = XCRemoteSwiftPackageReference;
			repositoryURL = "https://github.com/scalessec/Toast-Swift";
			requirement = {
				kind = upToNextMajorVersion;
				minimumVersion = 5.0.1;
			};
		};
/* End XCRemoteSwiftPackageReference section */

/* Begin XCSwiftPackageProductDependency section */
		C07FA7B92B01E642000B93F3 /* RxCocoa */ = {
			isa = XCSwiftPackageProductDependency;
			package = C07FA7B82B01E642000B93F3 /* XCRemoteSwiftPackageReference "RxSwift" */;
			productName = RxCocoa;
		};
		C07FA7BB2B01E642000B93F3 /* RxSwift */ = {
			isa = XCSwiftPackageProductDependency;
			package = C07FA7B82B01E642000B93F3 /* XCRemoteSwiftPackageReference "RxSwift" */;
			productName = RxSwift;
		};
		C07FA7BE2B01E6FB000B93F3 /* Alamofire */ = {
			isa = XCSwiftPackageProductDependency;
			package = C07FA7BD2B01E6FB000B93F3 /* XCRemoteSwiftPackageReference "Alamofire" */;
			productName = Alamofire;
		};
		C07FA7C12B01E78E000B93F3 /* RxAlamofire */ = {
			isa = XCSwiftPackageProductDependency;
			package = C07FA7C02B01E78E000B93F3 /* XCRemoteSwiftPackageReference "RxAlamofire" */;
			productName = RxAlamofire;
		};
		C07FA7C42B01E7D2000B93F3 /* SnapKit */ = {
			isa = XCSwiftPackageProductDependency;
			package = C07FA7C32B01E7D2000B93F3 /* XCRemoteSwiftPackageReference "SnapKit" */;
			productName = SnapKit;
		};
		C07FA7CE2B01E98C000B93F3 /* Toast */ = {
			isa = XCSwiftPackageProductDependency;
			package = C07FA7CD2B01E98C000B93F3 /* XCRemoteSwiftPackageReference "Toast-Swift" */;
			productName = Toast;
		};
/* End XCSwiftPackageProductDependency section */
	};
	rootObject = C07FA7922B01E43C000B93F3 /* Project object */;
}
